PODS:
  - Alamofire (4.7.2)
  - AMPopTip (3.2.1)
  - DragDropiOS (0.2.3)
  - DropDown (2.3.2)
  - OneSignal (2.8.8)
  - ReachabilitySwift (4.1.0)
  - RNCryptor (5.0.3)
  - SnapKit (4.0.0)
  - SwiftSpinner (1.5.0)

DEPENDENCIES:
  - Alamofire (~> 4.7)
  - AMPopTip
  - DragDropiOS
  - DropDown
  - OneSignal (< 3.0, >= 2.6.2)
  - ReachabilitySwift
  - RNCryptor (~> 5.0)
  - SnapKit (~> 4.0)
  - SwiftSpinner

SPEC REPOS:
  https://github.com/CocoaPods/Specs.git:
    - Alamofire
    - AMPopTip
    - DragDropiOS
    - DropDown
    - OneSignal
    - ReachabilitySwift
    - RNCryptor
    - SnapKit
    - SwiftSpinner

SPEC CHECKSUMS:
  Alamofire: e4fa87002c137ba2d8d634d2c51fabcda0d5c223
  AMPopTip: 31251008f2c00cbc0a3d2b18520f277c5b5ab4da
  DragDropiOS: ea8f1ff41a8c6dab4a9ce1969dc11f12c1c02997
  DropDown: 7f87abecc28f9b4edad810fe1211c5c018c257e5
  OneSignal: 7d2571e9fce1d961b882e1bd9f1f242802e9c8b1
  ReachabilitySwift: 6849231cd4e06559f3b9ef4a97a0a0f96d41e09f
  RNCryptor: c93d19029dcf7ff160aca0f24d6c9e7b0d82f664
  SnapKit: a42d492c16e80209130a3379f73596c3454b7694
  SwiftSpinner: 4c058c7a1d6b444dd2e1d70988ead40783097133

PODFILE CHECKSUM: 6228f25cdfa89af94ac16a6af2b4c61fa8740e47

COCOAPODS: 1.5.0
