// !$*UTF8*$!
{
	archiveVersion = 1;
	classes = {
	};
	objectVersion = 50;
	objects = {

/* Begin PBXBuildFile section */
		14A7486320C3C2D1002CB7EA /* PlanController.swift in Sources */ = {isa = PBXBuildFile; fileRef = 14A7486220C3C2D1002CB7EA /* PlanController.swift */; };
		14A7486520C3C2EC002CB7EA /* PremiumViewController.swift in Sources */ = {isa = PBXBuildFile; fileRef = 14A7486420C3C2EC002CB7EA /* PremiumViewController.swift */; };
		14A7486920C3C344002CB7EA /* Constants.swift in Sources */ = {isa = PBXBuildFile; fileRef = 14A7486820C3C344002CB7EA /* Constants.swift */; };
		14A7486C20C3DF93002CB7EA /* ActivitiesController.swift in Sources */ = {isa = PBXBuildFile; fileRef = 14A7486B20C3DF93002CB7EA /* ActivitiesController.swift */; };
		14A7486E20C3DFAA002CB7EA /* SportsController.swift in Sources */ = {isa = PBXBuildFile; fileRef = 14A7486D20C3DFAA002CB7EA /* SportsController.swift */; };
		14A7487220C3DFF0002CB7EA /* ContactController.swift in Sources */ = {isa = PBXBuildFile; fileRef = 14A7487120C3DFF0002CB7EA /* ContactController.swift */; };
		14A7487620C3E03A002CB7EA /* MobilisationsController.swift in Sources */ = {isa = PBXBuildFile; fileRef = 14A7487520C3E03A002CB7EA /* MobilisationsController.swift */; };
		14A7487820C3E058002CB7EA /* BackTherapyController.swift in Sources */ = {isa = PBXBuildFile; fileRef = 14A7487720C3E058002CB7EA /* BackTherapyController.swift */; };
		1B13D71A21037A1700852732 /* DragDropCollectionViewCell.xib in Resources */ = {isa = PBXBuildFile; fileRef = 1B13D71921037A1700852732 /* DragDropCollectionViewCell.xib */; };
		1B1D742C20E8C759005C1CD0 /* NetworkManager.swift in Sources */ = {isa = PBXBuildFile; fileRef = 1B1D742B20E8C759005C1CD0 /* NetworkManager.swift */; };
		1B1D742E20E8CA9A005C1CD0 /* OfflineViewController.swift in Sources */ = {isa = PBXBuildFile; fileRef = 1B1D742D20E8CA9A005C1CD0 /* OfflineViewController.swift */; };
		1B2F53D220F64A93001A2B6D /* TrainingsplanViewController.swift in Sources */ = {isa = PBXBuildFile; fileRef = 1B2F53D120F64A92001A2B6D /* TrainingsplanViewController.swift */; };
		1B2F53DB20F64B2E001A2B6D /* CollectionReusableView.swift in Sources */ = {isa = PBXBuildFile; fileRef = 1B2F53D820F64B2D001A2B6D /* CollectionReusableView.swift */; };
		1B2F53DC20F64B2E001A2B6D /* DragDropTableViewCell.swift in Sources */ = {isa = PBXBuildFile; fileRef = 1B2F53D920F64B2E001A2B6D /* DragDropTableViewCell.swift */; };
		1B2F53E120F64B37001A2B6D /* DecorationCollectionViewFlowLayout.swift in Sources */ = {isa = PBXBuildFile; fileRef = 1B2F53DE20F64B35001A2B6D /* DecorationCollectionViewFlowLayout.swift */; };
		1B2F53E220F64B37001A2B6D /* DragDropCollectionViewCell.swift in Sources */ = {isa = PBXBuildFile; fileRef = 1B2F53DF20F64B36001A2B6D /* DragDropCollectionViewCell.swift */; };
		1B369C8C211DEA43006FB5F6 /* TrainingsplanViewController+DragDropTableView.swift in Sources */ = {isa = PBXBuildFile; fileRef = 1B369C8A211DEA42006FB5F6 /* TrainingsplanViewController+DragDropTableView.swift */; };
		1B369C8D211DEA43006FB5F6 /* TrainingsplanViewController+DragDropCollectionView.swift in Sources */ = {isa = PBXBuildFile; fileRef = 1B369C8B211DEA42006FB5F6 /* TrainingsplanViewController+DragDropCollectionView.swift */; };
		1B3E45FE20D2F770003C4B96 /* VideoPlayerViewController.swift in Sources */ = {isa = PBXBuildFile; fileRef = 1B3E45FD20D2F770003C4B96 /* VideoPlayerViewController.swift */; };
		1B3E460020D6585E003C4B96 /* Subtitles.swift in Sources */ = {isa = PBXBuildFile; fileRef = 1B3E45FF20D6585E003C4B96 /* Subtitles.swift */; };
		1B3E460220D671CB003C4B96 /* InfoView.xib in Resources */ = {isa = PBXBuildFile; fileRef = 1B3E460120D671CB003C4B96 /* InfoView.xib */; };
		1B3E460620D675C5003C4B96 /* InfoView.swift in Sources */ = {isa = PBXBuildFile; fileRef = 1B3E460520D675C5003C4B96 /* InfoView.swift */; };
		1B3E460820DBF0C9003C4B96 /* ExercisesTableViewController.swift in Sources */ = {isa = PBXBuildFile; fileRef = 1B3E460720DBF0C9003C4B96 /* ExercisesTableViewController.swift */; };
		1B501D72213D5C7800E948BE /* art.scnassets in Resources */ = {isa = PBXBuildFile; fileRef = 1B501D71213D5C7800E948BE /* art.scnassets */; };
		1B501D74213D5D2300E948BE /* AnimationTorsoViewController.swift in Sources */ = {isa = PBXBuildFile; fileRef = 1B501D73213D5D2300E948BE /* AnimationTorsoViewController.swift */; };
		1B5ABFAB214A99E4004890CD /* ReviewHandler.swift in Sources */ = {isa = PBXBuildFile; fileRef = 1B5ABFAA214A99E1004890CD /* ReviewHandler.swift */; };
		1B5ABFAD214B9722004890CD /* VideoSummaryViewController.swift in Sources */ = {isa = PBXBuildFile; fileRef = 1B5ABFAC214B9722004890CD /* VideoSummaryViewController.swift */; };
		1B8287442156148500A24319 /* SettingsViewController.swift in Sources */ = {isa = PBXBuildFile; fileRef = 1B8287432156148500A24319 /* SettingsViewController.swift */; };
		1B8287462156217600A24319 /* LanguageCell.xib in Resources */ = {isa = PBXBuildFile; fileRef = 1B8287452156217600A24319 /* LanguageCell.xib */; };
		1B8287482156225A00A24319 /* LanguageCell.swift in Sources */ = {isa = PBXBuildFile; fileRef = 1B8287472156225A00A24319 /* LanguageCell.swift */; };
		1B82874F2157B01900A24319 /* StoreKit.framework in Frameworks */ = {isa = PBXBuildFile; fileRef = 1B82874E2157B01900A24319 /* StoreKit.framework */; };
		1B8287582158140300A24319 /* NotificationService.swift in Sources */ = {isa = PBXBuildFile; fileRef = 1B8287572158140300A24319 /* NotificationService.swift */; };
		1B82875C2158140300A24319 /* OneSignalNotificationServiceExtension.appex in Embed App Extensions */ = {isa = PBXBuildFile; fileRef = 1B8287552158140100A24319 /* OneSignalNotificationServiceExtension.appex */; settings = {ATTRIBUTES = (RemoveHeadersOnCopy, ); }; };
		1BB9E19A2150203B00EFFD32 /* GroupWorkoutMembership+CoreDataClass.swift in Sources */ = {isa = PBXBuildFile; fileRef = 1BB9E18A2150203B00EFFD32 /* GroupWorkoutMembership+CoreDataClass.swift */; };
		1BB9E19B2150203B00EFFD32 /* GroupWorkoutMembership+CoreDataProperties.swift in Sources */ = {isa = PBXBuildFile; fileRef = 1BB9E18B2150203B00EFFD32 /* GroupWorkoutMembership+CoreDataProperties.swift */; };
		1BB9E19C2150203B00EFFD32 /* Remark+CoreDataClass.swift in Sources */ = {isa = PBXBuildFile; fileRef = 1BB9E18C2150203B00EFFD32 /* Remark+CoreDataClass.swift */; };
		1BB9E19D2150203B00EFFD32 /* Remark+CoreDataProperties.swift in Sources */ = {isa = PBXBuildFile; fileRef = 1BB9E18D2150203B00EFFD32 /* Remark+CoreDataProperties.swift */; };
		1BB9E19E2150203B00EFFD32 /* Title+CoreDataClass.swift in Sources */ = {isa = PBXBuildFile; fileRef = 1BB9E18E2150203B00EFFD32 /* Title+CoreDataClass.swift */; };
		1BB9E19F2150203B00EFFD32 /* Title+CoreDataProperties.swift in Sources */ = {isa = PBXBuildFile; fileRef = 1BB9E18F2150203B00EFFD32 /* Title+CoreDataProperties.swift */; };
		1BB9E1A02150203B00EFFD32 /* Musclegroup+CoreDataClass.swift in Sources */ = {isa = PBXBuildFile; fileRef = 1BB9E1902150203B00EFFD32 /* Musclegroup+CoreDataClass.swift */; };
		1BB9E1A12150203B00EFFD32 /* Musclegroup+CoreDataProperties.swift in Sources */ = {isa = PBXBuildFile; fileRef = 1BB9E1912150203B00EFFD32 /* Musclegroup+CoreDataProperties.swift */; };
		1BB9E1A22150203B00EFFD32 /* Workout+CoreDataClass.swift in Sources */ = {isa = PBXBuildFile; fileRef = 1BB9E1922150203B00EFFD32 /* Workout+CoreDataClass.swift */; };
		1BB9E1A32150203B00EFFD32 /* Workout+CoreDataProperties.swift in Sources */ = {isa = PBXBuildFile; fileRef = 1BB9E1932150203B00EFFD32 /* Workout+CoreDataProperties.swift */; };
		1BB9E1A42150203B00EFFD32 /* Language+CoreDataClass.swift in Sources */ = {isa = PBXBuildFile; fileRef = 1BB9E1942150203B00EFFD32 /* Language+CoreDataClass.swift */; };
		1BB9E1A52150203B00EFFD32 /* Language+CoreDataProperties.swift in Sources */ = {isa = PBXBuildFile; fileRef = 1BB9E1952150203B00EFFD32 /* Language+CoreDataProperties.swift */; };
		1BB9E1A62150203B00EFFD32 /* Trainingsplan+CoreDataClass.swift in Sources */ = {isa = PBXBuildFile; fileRef = 1BB9E1962150203B00EFFD32 /* Trainingsplan+CoreDataClass.swift */; };
		1BB9E1A72150203B00EFFD32 /* Trainingsplan+CoreDataProperties.swift in Sources */ = {isa = PBXBuildFile; fileRef = 1BB9E1972150203B00EFFD32 /* Trainingsplan+CoreDataProperties.swift */; };
		1BB9E1A82150203B00EFFD32 /* Instruction+CoreDataClass.swift in Sources */ = {isa = PBXBuildFile; fileRef = 1BB9E1982150203B00EFFD32 /* Instruction+CoreDataClass.swift */; };
		1BB9E1A92150203B00EFFD32 /* Instruction+CoreDataProperties.swift in Sources */ = {isa = PBXBuildFile; fileRef = 1BB9E1992150203B00EFFD32 /* Instruction+CoreDataProperties.swift */; };
		1BBC3A9520D1220D00B43A61 /* CoreDataManager.swift in Sources */ = {isa = PBXBuildFile; fileRef = 1BBC3A9420D1220D00B43A61 /* CoreDataManager.swift */; };
		1BBC3AA820D1227800B43A61 /* GroupResponse.swift in Sources */ = {isa = PBXBuildFile; fileRef = 1BBC3AA520D1227700B43A61 /* GroupResponse.swift */; };
		1BBC3AAA20D1227800B43A61 /* TrainingModel.swift in Sources */ = {isa = PBXBuildFile; fileRef = 1BBC3AA720D1227800B43A61 /* TrainingModel.swift */; };
		1BBC3AAD20D1252400B43A61 /* Trainingsplan.xcdatamodeld in Sources */ = {isa = PBXBuildFile; fileRef = 1BBC3AAB20D1252400B43A61 /* Trainingsplan.xcdatamodeld */; };
		1BBC3AB020D125DB00B43A61 /* API.swift in Sources */ = {isa = PBXBuildFile; fileRef = 1BBC3AAE20D125DA00B43A61 /* API.swift */; };
		1BBC3AB120D125DB00B43A61 /* ApiHandler.swift in Sources */ = {isa = PBXBuildFile; fileRef = 1BBC3AAF20D125DB00B43A61 /* ApiHandler.swift */; };
		1BBC3AB520D1260D00B43A61 /* IJReachability.swift in Sources */ = {isa = PBXBuildFile; fileRef = 1BBC3AB220D1260C00B43A61 /* IJReachability.swift */; };
		1BBC3AB620D1260D00B43A61 /* Utils.swift in Sources */ = {isa = PBXBuildFile; fileRef = 1BBC3AB320D1260C00B43A61 /* Utils.swift */; };
		1BBC3AB720D1260D00B43A61 /* HttpManager.swift in Sources */ = {isa = PBXBuildFile; fileRef = 1BBC3AB420D1260D00B43A61 /* HttpManager.swift */; };
		1BBC3ABE20D1A4D000B43A61 /* String+Custom.swift in Sources */ = {isa = PBXBuildFile; fileRef = 1BBC3ABC20D1A4CF00B43A61 /* String+Custom.swift */; };
		1BBC3ABF20D1A4D000B43A61 /* UIColor+Custom.swift in Sources */ = {isa = PBXBuildFile; fileRef = 1BBC3ABD20D1A4CF00B43A61 /* UIColor+Custom.swift */; };
		1BBC3AC120D2617900B43A61 /* VideoTableViewController.swift in Sources */ = {isa = PBXBuildFile; fileRef = 1BBC3AC020D2617900B43A61 /* VideoTableViewController.swift */; };
		1BBC3AC420D2641E00B43A61 /* VideoCell.swift in Sources */ = {isa = PBXBuildFile; fileRef = 1BBC3AC220D2641D00B43A61 /* VideoCell.swift */; };
		1BBC3AC520D2641E00B43A61 /* VideoCell.xib in Resources */ = {isa = PBXBuildFile; fileRef = 1BBC3AC320D2641E00B43A61 /* VideoCell.xib */; };
		1BBC3AC720D2673C00B43A61 /* MuscleGroupImageView.swift in Sources */ = {isa = PBXBuildFile; fileRef = 1BBC3AC620D2673C00B43A61 /* MuscleGroupImageView.swift */; };
		1BBC3AC920D26B3700B43A61 /* MuscleGroupButton.swift in Sources */ = {isa = PBXBuildFile; fileRef = 1BBC3AC820D26B3700B43A61 /* MuscleGroupButton.swift */; };
		1BC4368320BC8A0D00968F44 /* TabBarController.swift in Sources */ = {isa = PBXBuildFile; fileRef = 1BC4368220BC8A0C00968F44 /* TabBarController.swift */; };
		1BCF69FC20C7307200E310DF /* PremiumTableViewCell.swift in Sources */ = {isa = PBXBuildFile; fileRef = 1BCF69FB20C7307200E310DF /* PremiumTableViewCell.swift */; };
		1BCF6A0420C9905500E310DF /* de.lproj in Resources */ = {isa = PBXBuildFile; fileRef = 1BCF6A0120C9905500E310DF /* de.lproj */; };
		1BCF6A0520C9905500E310DF /* es.lproj in Resources */ = {isa = PBXBuildFile; fileRef = 1BCF6A0220C9905500E310DF /* es.lproj */; };
		1BCF6A0620C9905500E310DF /* en.lproj in Resources */ = {isa = PBXBuildFile; fileRef = 1BCF6A0320C9905500E310DF /* en.lproj */; };
		1BCF6A0820C997C100E310DF /* CollectionHeaderView.swift in Sources */ = {isa = PBXBuildFile; fileRef = 1BCF6A0720C997C100E310DF /* CollectionHeaderView.swift */; };
		1BCF6A1D20C9B3BB00E310DF /* AnatomyViewController.swift in Sources */ = {isa = PBXBuildFile; fileRef = 1BCF6A1C20C9B3BB00E310DF /* AnatomyViewController.swift */; };
		1BCF6A2420C9B40200E310DF /* TorsoBackView.xib in Resources */ = {isa = PBXBuildFile; fileRef = 1BCF6A1E20C9B40100E310DF /* TorsoBackView.xib */; };
		1BCF6A2520C9B40200E310DF /* Torso.swift in Sources */ = {isa = PBXBuildFile; fileRef = 1BCF6A1F20C9B40100E310DF /* Torso.swift */; };
		1BCF6A2620C9B40200E310DF /* TorsoBasicView.swift in Sources */ = {isa = PBXBuildFile; fileRef = 1BCF6A2020C9B40100E310DF /* TorsoBasicView.swift */; };
		1BCF6A2720C9B40200E310DF /* TorsoFrontView.swift in Sources */ = {isa = PBXBuildFile; fileRef = 1BCF6A2120C9B40200E310DF /* TorsoFrontView.swift */; };
		1BCF6A2820C9B40200E310DF /* TorsoBackView.swift in Sources */ = {isa = PBXBuildFile; fileRef = 1BCF6A2220C9B40200E310DF /* TorsoBackView.swift */; };
		1BCF6A2920C9B40200E310DF /* TorsoFrontView.xib in Resources */ = {isa = PBXBuildFile; fileRef = 1BCF6A2320C9B40200E310DF /* TorsoFrontView.xib */; };
		1BCF8462203206B000F55F64 /* ItemsCollectionViewCell.swift in Sources */ = {isa = PBXBuildFile; fileRef = 1BCF8461203206B000F55F64 /* ItemsCollectionViewCell.swift */; };
		1BD535E420E504D6000F1A37 /* GenericTableViewController.swift in Sources */ = {isa = PBXBuildFile; fileRef = 1BD535E320E504D6000F1A37 /* GenericTableViewController.swift */; };
		753A55C31BB073E900254F27 /* AppDelegate.swift in Sources */ = {isa = PBXBuildFile; fileRef = 753A55C21BB073E900254F27 /* AppDelegate.swift */; };
		753A55C81BB073E900254F27 /* Main.storyboard in Resources */ = {isa = PBXBuildFile; fileRef = 753A55C61BB073E900254F27 /* Main.storyboard */; };
		753A55CA1BB073E900254F27 /* Images.xcassets in Resources */ = {isa = PBXBuildFile; fileRef = 753A55C91BB073E900254F27 /* Images.xcassets */; };
		753A55CD1BB073E900254F27 /* LaunchScreen.xib in Resources */ = {isa = PBXBuildFile; fileRef = 753A55CB1BB073E900254F27 /* LaunchScreen.xib */; };
		753A55E31BB0753B00254F27 /* SlideMenuViewController.swift in Sources */ = {isa = PBXBuildFile; fileRef = 753A55E21BB0753B00254F27 /* SlideMenuViewController.swift */; };
		753A55E51BB0755100254F27 /* BaseViewController.swift in Sources */ = {isa = PBXBuildFile; fileRef = 753A55E41BB0755100254F27 /* BaseViewController.swift */; };
		C3E88C606F624B7229EB4512 /* Pods_Visual_Back_Trainer.framework in Frameworks */ = {isa = PBXBuildFile; fileRef = 0B16F3D0DCE36AA650ACFAD7 /* Pods_Visual_Back_Trainer.framework */; };
		C6EEF9F81CB7E4E000A3DC6D /* MainMenuViewController.swift in Sources */ = {isa = PBXBuildFile; fileRef = C6EEF9F71CB7E4E000A3DC6D /* MainMenuViewController.swift */; };
		DDC6E0567CCC0B21379F8EDB /* Pods_OneSignalNotificationServiceExtension.framework in Frameworks */ = {isa = PBXBuildFile; fileRef = 428315EDBE32C72EC611019B /* Pods_OneSignalNotificationServiceExtension.framework */; };
/* End PBXBuildFile section */

/* Begin PBXContainerItemProxy section */
		1B82875A2158140300A24319 /* PBXContainerItemProxy */ = {
			isa = PBXContainerItemProxy;
			containerPortal = 753A55B51BB073E900254F27 /* Project object */;
			proxyType = 1;
			remoteGlobalIDString = 1B8287542158140000A24319;
			remoteInfo = OneSignalNotificationServiceExtension;
		};
/* End PBXContainerItemProxy section */

/* Begin PBXCopyFilesBuildPhase section */
		1B8287602158140400A24319 /* Embed App Extensions */ = {
			isa = PBXCopyFilesBuildPhase;
			buildActionMask = 2147483647;
			dstPath = "";
			dstSubfolderSpec = 13;
			files = (
				1B82875C2158140300A24319 /* OneSignalNotificationServiceExtension.appex in Embed App Extensions */,
			);
			name = "Embed App Extensions";
			runOnlyForDeploymentPostprocessing = 0;
		};
/* End PBXCopyFilesBuildPhase section */

/* Begin PBXFileReference section */
		0B16F3D0DCE36AA650ACFAD7 /* Pods_Visual_Back_Trainer.framework */ = {isa = PBXFileReference; explicitFileType = wrapper.framework; includeInIndex = 0; path = Pods_Visual_Back_Trainer.framework; sourceTree = BUILT_PRODUCTS_DIR; };
		14A7486220C3C2D1002CB7EA /* PlanController.swift */ = {isa = PBXFileReference; lastKnownFileType = sourcecode.swift; path = PlanController.swift; sourceTree = "<group>"; };
		14A7486420C3C2EC002CB7EA /* PremiumViewController.swift */ = {isa = PBXFileReference; lastKnownFileType = sourcecode.swift; path = PremiumViewController.swift; sourceTree = "<group>"; };
		14A7486820C3C344002CB7EA /* Constants.swift */ = {isa = PBXFileReference; lastKnownFileType = sourcecode.swift; path = Constants.swift; sourceTree = "<group>"; };
		14A7486B20C3DF93002CB7EA /* ActivitiesController.swift */ = {isa = PBXFileReference; lastKnownFileType = sourcecode.swift; path = ActivitiesController.swift; sourceTree = "<group>"; };
		14A7486D20C3DFAA002CB7EA /* SportsController.swift */ = {isa = PBXFileReference; lastKnownFileType = sourcecode.swift; path = SportsController.swift; sourceTree = "<group>"; };
		14A7487120C3DFF0002CB7EA /* ContactController.swift */ = {isa = PBXFileReference; lastKnownFileType = sourcecode.swift; path = ContactController.swift; sourceTree = "<group>"; };
		14A7487520C3E03A002CB7EA /* MobilisationsController.swift */ = {isa = PBXFileReference; lastKnownFileType = sourcecode.swift; path = MobilisationsController.swift; sourceTree = "<group>"; };
		14A7487720C3E058002CB7EA /* BackTherapyController.swift */ = {isa = PBXFileReference; lastKnownFileType = sourcecode.swift; path = BackTherapyController.swift; sourceTree = "<group>"; };
		1B13D71921037A1700852732 /* DragDropCollectionViewCell.xib */ = {isa = PBXFileReference; lastKnownFileType = file.xib; path = DragDropCollectionViewCell.xib; sourceTree = "<group>"; };
		1B1D742B20E8C759005C1CD0 /* NetworkManager.swift */ = {isa = PBXFileReference; lastKnownFileType = sourcecode.swift; path = NetworkManager.swift; sourceTree = "<group>"; };
		1B1D742D20E8CA9A005C1CD0 /* OfflineViewController.swift */ = {isa = PBXFileReference; lastKnownFileType = sourcecode.swift; path = OfflineViewController.swift; sourceTree = "<group>"; };
		1B1D742F20EE9A46005C1CD0 /* Trainingsplan 3.xcdatamodel */ = {isa = PBXFileReference; lastKnownFileType = wrapper.xcdatamodel; path = "Trainingsplan 3.xcdatamodel"; sourceTree = "<group>"; };
		1B2F53D120F64A92001A2B6D /* TrainingsplanViewController.swift */ = {isa = PBXFileReference; fileEncoding = 4; lastKnownFileType = sourcecode.swift; name = TrainingsplanViewController.swift; path = DragAndDrop/TrainingsplanViewController.swift; sourceTree = "<group>"; };
		1B2F53D820F64B2D001A2B6D /* CollectionReusableView.swift */ = {isa = PBXFileReference; lastKnownFileType = sourcecode.swift; path = CollectionReusableView.swift; sourceTree = "<group>"; };
		1B2F53D920F64B2E001A2B6D /* DragDropTableViewCell.swift */ = {isa = PBXFileReference; lastKnownFileType = sourcecode.swift; path = DragDropTableViewCell.swift; sourceTree = "<group>"; };
		1B2F53DE20F64B35001A2B6D /* DecorationCollectionViewFlowLayout.swift */ = {isa = PBXFileReference; lastKnownFileType = sourcecode.swift; path = DecorationCollectionViewFlowLayout.swift; sourceTree = "<group>"; };
		1B2F53DF20F64B36001A2B6D /* DragDropCollectionViewCell.swift */ = {isa = PBXFileReference; lastKnownFileType = sourcecode.swift; path = DragDropCollectionViewCell.swift; sourceTree = "<group>"; };
		1B369C8A211DEA42006FB5F6 /* TrainingsplanViewController+DragDropTableView.swift */ = {isa = PBXFileReference; fileEncoding = 4; lastKnownFileType = sourcecode.swift; path = "TrainingsplanViewController+DragDropTableView.swift"; sourceTree = "<group>"; };
		1B369C8B211DEA42006FB5F6 /* TrainingsplanViewController+DragDropCollectionView.swift */ = {isa = PBXFileReference; fileEncoding = 4; lastKnownFileType = sourcecode.swift; path = "TrainingsplanViewController+DragDropCollectionView.swift"; sourceTree = "<group>"; };
		1B3E45FD20D2F770003C4B96 /* VideoPlayerViewController.swift */ = {isa = PBXFileReference; lastKnownFileType = sourcecode.swift; path = VideoPlayerViewController.swift; sourceTree = "<group>"; };
		1B3E45FF20D6585E003C4B96 /* Subtitles.swift */ = {isa = PBXFileReference; fileEncoding = 4; lastKnownFileType = sourcecode.swift; path = Subtitles.swift; sourceTree = "<group>"; };
		1B3E460120D671CB003C4B96 /* InfoView.xib */ = {isa = PBXFileReference; lastKnownFileType = file.xib; path = InfoView.xib; sourceTree = "<group>"; };
		1B3E460520D675C5003C4B96 /* InfoView.swift */ = {isa = PBXFileReference; lastKnownFileType = sourcecode.swift; path = InfoView.swift; sourceTree = "<group>"; };
		1B3E460720DBF0C9003C4B96 /* ExercisesTableViewController.swift */ = {isa = PBXFileReference; lastKnownFileType = sourcecode.swift; path = ExercisesTableViewController.swift; sourceTree = "<group>"; };
		1B501D71213D5C7800E948BE /* art.scnassets */ = {isa = PBXFileReference; lastKnownFileType = wrapper.scnassets; path = art.scnassets; sourceTree = "<group>"; };
		1B501D73213D5D2300E948BE /* AnimationTorsoViewController.swift */ = {isa = PBXFileReference; lastKnownFileType = sourcecode.swift; path = AnimationTorsoViewController.swift; sourceTree = "<group>"; };
		1B5ABFAA214A99E1004890CD /* ReviewHandler.swift */ = {isa = PBXFileReference; lastKnownFileType = sourcecode.swift; path = ReviewHandler.swift; sourceTree = "<group>"; };
		1B5ABFAC214B9722004890CD /* VideoSummaryViewController.swift */ = {isa = PBXFileReference; lastKnownFileType = sourcecode.swift; path = VideoSummaryViewController.swift; sourceTree = "<group>"; };
		1B8287432156148500A24319 /* SettingsViewController.swift */ = {isa = PBXFileReference; lastKnownFileType = sourcecode.swift; path = SettingsViewController.swift; sourceTree = "<group>"; };
		1B8287452156217600A24319 /* LanguageCell.xib */ = {isa = PBXFileReference; lastKnownFileType = file.xib; path = LanguageCell.xib; sourceTree = "<group>"; };
		1B8287472156225A00A24319 /* LanguageCell.swift */ = {isa = PBXFileReference; lastKnownFileType = sourcecode.swift; path = LanguageCell.swift; sourceTree = "<group>"; };
		1B82874E2157B01900A24319 /* StoreKit.framework */ = {isa = PBXFileReference; lastKnownFileType = wrapper.framework; name = StoreKit.framework; path = System/Library/Frameworks/StoreKit.framework; sourceTree = SDKROOT; };
		1B8287502157B02D00A24319 /* Visual Back Trainer.entitlements */ = {isa = PBXFileReference; lastKnownFileType = text.plist.entitlements; path = "Visual Back Trainer.entitlements"; sourceTree = "<group>"; };
		1B8287552158140100A24319 /* OneSignalNotificationServiceExtension.appex */ = {isa = PBXFileReference; explicitFileType = "wrapper.app-extension"; includeInIndex = 0; path = OneSignalNotificationServiceExtension.appex; sourceTree = BUILT_PRODUCTS_DIR; };
		1B8287572158140300A24319 /* NotificationService.swift */ = {isa = PBXFileReference; lastKnownFileType = sourcecode.swift; path = NotificationService.swift; sourceTree = "<group>"; };
		1B8287592158140300A24319 /* Info.plist */ = {isa = PBXFileReference; lastKnownFileType = text.plist.xml; path = Info.plist; sourceTree = "<group>"; };
		1BB8356F215825500025BE62 /* OneSignalNotificationServiceExtension.entitlements */ = {isa = PBXFileReference; lastKnownFileType = text.plist.entitlements; path = OneSignalNotificationServiceExtension.entitlements; sourceTree = "<group>"; };
		1BB9E18A2150203B00EFFD32 /* GroupWorkoutMembership+CoreDataClass.swift */ = {isa = PBXFileReference; lastKnownFileType = sourcecode.swift; path = "GroupWorkoutMembership+CoreDataClass.swift"; sourceTree = "<group>"; };
		1BB9E18B2150203B00EFFD32 /* GroupWorkoutMembership+CoreDataProperties.swift */ = {isa = PBXFileReference; lastKnownFileType = sourcecode.swift; path = "GroupWorkoutMembership+CoreDataProperties.swift"; sourceTree = "<group>"; };
		1BB9E18C2150203B00EFFD32 /* Remark+CoreDataClass.swift */ = {isa = PBXFileReference; lastKnownFileType = sourcecode.swift; path = "Remark+CoreDataClass.swift"; sourceTree = "<group>"; };
		1BB9E18D2150203B00EFFD32 /* Remark+CoreDataProperties.swift */ = {isa = PBXFileReference; lastKnownFileType = sourcecode.swift; path = "Remark+CoreDataProperties.swift"; sourceTree = "<group>"; };
		1BB9E18E2150203B00EFFD32 /* Title+CoreDataClass.swift */ = {isa = PBXFileReference; lastKnownFileType = sourcecode.swift; path = "Title+CoreDataClass.swift"; sourceTree = "<group>"; };
		1BB9E18F2150203B00EFFD32 /* Title+CoreDataProperties.swift */ = {isa = PBXFileReference; lastKnownFileType = sourcecode.swift; path = "Title+CoreDataProperties.swift"; sourceTree = "<group>"; };
		1BB9E1902150203B00EFFD32 /* Musclegroup+CoreDataClass.swift */ = {isa = PBXFileReference; lastKnownFileType = sourcecode.swift; path = "Musclegroup+CoreDataClass.swift"; sourceTree = "<group>"; };
		1BB9E1912150203B00EFFD32 /* Musclegroup+CoreDataProperties.swift */ = {isa = PBXFileReference; lastKnownFileType = sourcecode.swift; path = "Musclegroup+CoreDataProperties.swift"; sourceTree = "<group>"; };
		1BB9E1922150203B00EFFD32 /* Workout+CoreDataClass.swift */ = {isa = PBXFileReference; lastKnownFileType = sourcecode.swift; path = "Workout+CoreDataClass.swift"; sourceTree = "<group>"; };
		1BB9E1932150203B00EFFD32 /* Workout+CoreDataProperties.swift */ = {isa = PBXFileReference; lastKnownFileType = sourcecode.swift; path = "Workout+CoreDataProperties.swift"; sourceTree = "<group>"; };
		1BB9E1942150203B00EFFD32 /* Language+CoreDataClass.swift */ = {isa = PBXFileReference; lastKnownFileType = sourcecode.swift; path = "Language+CoreDataClass.swift"; sourceTree = "<group>"; };
		1BB9E1952150203B00EFFD32 /* Language+CoreDataProperties.swift */ = {isa = PBXFileReference; lastKnownFileType = sourcecode.swift; path = "Language+CoreDataProperties.swift"; sourceTree = "<group>"; };
		1BB9E1962150203B00EFFD32 /* Trainingsplan+CoreDataClass.swift */ = {isa = PBXFileReference; lastKnownFileType = sourcecode.swift; path = "Trainingsplan+CoreDataClass.swift"; sourceTree = "<group>"; };
		1BB9E1972150203B00EFFD32 /* Trainingsplan+CoreDataProperties.swift */ = {isa = PBXFileReference; lastKnownFileType = sourcecode.swift; path = "Trainingsplan+CoreDataProperties.swift"; sourceTree = "<group>"; };
		1BB9E1982150203B00EFFD32 /* Instruction+CoreDataClass.swift */ = {isa = PBXFileReference; lastKnownFileType = sourcecode.swift; path = "Instruction+CoreDataClass.swift"; sourceTree = "<group>"; };
		1BB9E1992150203B00EFFD32 /* Instruction+CoreDataProperties.swift */ = {isa = PBXFileReference; lastKnownFileType = sourcecode.swift; path = "Instruction+CoreDataProperties.swift"; sourceTree = "<group>"; };
		1BBC3A9420D1220D00B43A61 /* CoreDataManager.swift */ = {isa = PBXFileReference; fileEncoding = 4; lastKnownFileType = sourcecode.swift; path = CoreDataManager.swift; sourceTree = "<group>"; };
		1BBC3AA520D1227700B43A61 /* GroupResponse.swift */ = {isa = PBXFileReference; fileEncoding = 4; lastKnownFileType = sourcecode.swift; path = GroupResponse.swift; sourceTree = "<group>"; };
		1BBC3AA720D1227800B43A61 /* TrainingModel.swift */ = {isa = PBXFileReference; fileEncoding = 4; lastKnownFileType = sourcecode.swift; path = TrainingModel.swift; sourceTree = "<group>"; };
		1BBC3AAC20D1252400B43A61 /* Trainingsplan.xcdatamodel */ = {isa = PBXFileReference; lastKnownFileType = wrapper.xcdatamodel; path = Trainingsplan.xcdatamodel; sourceTree = "<group>"; };
		1BBC3AAE20D125DA00B43A61 /* API.swift */ = {isa = PBXFileReference; fileEncoding = 4; lastKnownFileType = sourcecode.swift; path = API.swift; sourceTree = "<group>"; };
		1BBC3AAF20D125DB00B43A61 /* ApiHandler.swift */ = {isa = PBXFileReference; fileEncoding = 4; lastKnownFileType = sourcecode.swift; path = ApiHandler.swift; sourceTree = "<group>"; };
		1BBC3AB220D1260C00B43A61 /* IJReachability.swift */ = {isa = PBXFileReference; fileEncoding = 4; lastKnownFileType = sourcecode.swift; path = IJReachability.swift; sourceTree = "<group>"; };
		1BBC3AB320D1260C00B43A61 /* Utils.swift */ = {isa = PBXFileReference; fileEncoding = 4; lastKnownFileType = sourcecode.swift; path = Utils.swift; sourceTree = "<group>"; };
		1BBC3AB420D1260D00B43A61 /* HttpManager.swift */ = {isa = PBXFileReference; fileEncoding = 4; lastKnownFileType = sourcecode.swift; path = HttpManager.swift; sourceTree = "<group>"; };
		1BBC3AB820D1901800B43A61 /* Trainingsplan 2.xcdatamodel */ = {isa = PBXFileReference; lastKnownFileType = wrapper.xcdatamodel; path = "Trainingsplan 2.xcdatamodel"; sourceTree = "<group>"; };
		1BBC3ABC20D1A4CF00B43A61 /* String+Custom.swift */ = {isa = PBXFileReference; fileEncoding = 4; lastKnownFileType = sourcecode.swift; path = "String+Custom.swift"; sourceTree = "<group>"; };
		1BBC3ABD20D1A4CF00B43A61 /* UIColor+Custom.swift */ = {isa = PBXFileReference; fileEncoding = 4; lastKnownFileType = sourcecode.swift; path = "UIColor+Custom.swift"; sourceTree = "<group>"; };
		1BBC3AC020D2617900B43A61 /* VideoTableViewController.swift */ = {isa = PBXFileReference; fileEncoding = 4; lastKnownFileType = sourcecode.swift; path = VideoTableViewController.swift; sourceTree = "<group>"; };
		1BBC3AC220D2641D00B43A61 /* VideoCell.swift */ = {isa = PBXFileReference; fileEncoding = 4; lastKnownFileType = sourcecode.swift; path = VideoCell.swift; sourceTree = "<group>"; };
		1BBC3AC320D2641E00B43A61 /* VideoCell.xib */ = {isa = PBXFileReference; fileEncoding = 4; lastKnownFileType = file.xib; path = VideoCell.xib; sourceTree = "<group>"; };
		1BBC3AC620D2673C00B43A61 /* MuscleGroupImageView.swift */ = {isa = PBXFileReference; lastKnownFileType = sourcecode.swift; path = MuscleGroupImageView.swift; sourceTree = "<group>"; };
		1BBC3AC820D26B3700B43A61 /* MuscleGroupButton.swift */ = {isa = PBXFileReference; lastKnownFileType = sourcecode.swift; path = MuscleGroupButton.swift; sourceTree = "<group>"; };
		1BC4368220BC8A0C00968F44 /* TabBarController.swift */ = {isa = PBXFileReference; lastKnownFileType = sourcecode.swift; path = TabBarController.swift; sourceTree = "<group>"; };
		1BCF69FB20C7307200E310DF /* PremiumTableViewCell.swift */ = {isa = PBXFileReference; lastKnownFileType = sourcecode.swift; path = PremiumTableViewCell.swift; sourceTree = "<group>"; };
		1BCF69FD20C98F2E00E310DF /* de */ = {isa = PBXFileReference; lastKnownFileType = text.plist.strings; name = de; path = de.lproj/Main.strings; sourceTree = "<group>"; };
		1BCF69FE20C98F2E00E310DF /* de */ = {isa = PBXFileReference; lastKnownFileType = text.plist.strings; name = de; path = de.lproj/LaunchScreen.strings; sourceTree = "<group>"; };
		1BCF69FF20C98F3C00E310DF /* es */ = {isa = PBXFileReference; lastKnownFileType = text.plist.strings; name = es; path = es.lproj/Main.strings; sourceTree = "<group>"; };
		1BCF6A0020C98F3C00E310DF /* es */ = {isa = PBXFileReference; lastKnownFileType = text.plist.strings; name = es; path = es.lproj/LaunchScreen.strings; sourceTree = "<group>"; };
		1BCF6A0120C9905500E310DF /* de.lproj */ = {isa = PBXFileReference; lastKnownFileType = folder; path = de.lproj; sourceTree = "<group>"; };
		1BCF6A0220C9905500E310DF /* es.lproj */ = {isa = PBXFileReference; lastKnownFileType = folder; path = es.lproj; sourceTree = "<group>"; };
		1BCF6A0320C9905500E310DF /* en.lproj */ = {isa = PBXFileReference; lastKnownFileType = folder; path = en.lproj; sourceTree = "<group>"; };
		1BCF6A0720C997C100E310DF /* CollectionHeaderView.swift */ = {isa = PBXFileReference; lastKnownFileType = sourcecode.swift; path = CollectionHeaderView.swift; sourceTree = "<group>"; };
		1BCF6A1C20C9B3BB00E310DF /* AnatomyViewController.swift */ = {isa = PBXFileReference; fileEncoding = 4; lastKnownFileType = sourcecode.swift; path = AnatomyViewController.swift; sourceTree = "<group>"; };
		1BCF6A1E20C9B40100E310DF /* TorsoBackView.xib */ = {isa = PBXFileReference; fileEncoding = 4; lastKnownFileType = file.xib; path = TorsoBackView.xib; sourceTree = "<group>"; };
		1BCF6A1F20C9B40100E310DF /* Torso.swift */ = {isa = PBXFileReference; fileEncoding = 4; lastKnownFileType = sourcecode.swift; path = Torso.swift; sourceTree = "<group>"; };
		1BCF6A2020C9B40100E310DF /* TorsoBasicView.swift */ = {isa = PBXFileReference; fileEncoding = 4; lastKnownFileType = sourcecode.swift; path = TorsoBasicView.swift; sourceTree = "<group>"; };
		1BCF6A2120C9B40200E310DF /* TorsoFrontView.swift */ = {isa = PBXFileReference; fileEncoding = 4; lastKnownFileType = sourcecode.swift; path = TorsoFrontView.swift; sourceTree = "<group>"; };
		1BCF6A2220C9B40200E310DF /* TorsoBackView.swift */ = {isa = PBXFileReference; fileEncoding = 4; lastKnownFileType = sourcecode.swift; path = TorsoBackView.swift; sourceTree = "<group>"; };
		1BCF6A2320C9B40200E310DF /* TorsoFrontView.xib */ = {isa = PBXFileReference; fileEncoding = 4; lastKnownFileType = file.xib; path = TorsoFrontView.xib; sourceTree = "<group>"; };
		1BCF8461203206B000F55F64 /* ItemsCollectionViewCell.swift */ = {isa = PBXFileReference; lastKnownFileType = sourcecode.swift; path = ItemsCollectionViewCell.swift; sourceTree = "<group>"; };
		1BD535E320E504D6000F1A37 /* GenericTableViewController.swift */ = {isa = PBXFileReference; lastKnownFileType = sourcecode.swift; path = GenericTableViewController.swift; sourceTree = "<group>"; };
		2A7A661B6EEDE2805E909539 /* Pods-Visual Back Trainer.release.xcconfig */ = {isa = PBXFileReference; includeInIndex = 1; lastKnownFileType = text.xcconfig; name = "Pods-Visual Back Trainer.release.xcconfig"; path = "Pods/Target Support Files/Pods-Visual Back Trainer/Pods-Visual Back Trainer.release.xcconfig"; sourceTree = "<group>"; };
		428315EDBE32C72EC611019B /* Pods_OneSignalNotificationServiceExtension.framework */ = {isa = PBXFileReference; explicitFileType = wrapper.framework; includeInIndex = 0; path = Pods_OneSignalNotificationServiceExtension.framework; sourceTree = BUILT_PRODUCTS_DIR; };
		4B0EE30EF5413A93082058A8 /* Pods-Visual Back Trainer.debug.xcconfig */ = {isa = PBXFileReference; includeInIndex = 1; lastKnownFileType = text.xcconfig; name = "Pods-Visual Back Trainer.debug.xcconfig"; path = "Pods/Target Support Files/Pods-Visual Back Trainer/Pods-Visual Back Trainer.debug.xcconfig"; sourceTree = "<group>"; };
		6661853E5EC2C1DF3EB34716 /* Pods-Visual Back Trainer.release.xcconfig */ = {isa = PBXFileReference; includeInIndex = 1; lastKnownFileType = text.xcconfig; name = "Pods-Visual Back Trainer.release.xcconfig"; path = "Pods/Target Support Files/Pods-Visual Back Trainer/Pods-Visual Back Trainer.release.xcconfig"; sourceTree = "<group>"; };
		753A55BD1BB073E900254F27 /* Visual Back Trainer.app */ = {isa = PBXFileReference; explicitFileType = wrapper.application; includeInIndex = 0; path = "Visual Back Trainer.app"; sourceTree = BUILT_PRODUCTS_DIR; };
		753A55C11BB073E900254F27 /* Info.plist */ = {isa = PBXFileReference; lastKnownFileType = text.plist.xml; path = Info.plist; sourceTree = "<group>"; };
		753A55C21BB073E900254F27 /* AppDelegate.swift */ = {isa = PBXFileReference; lastKnownFileType = sourcecode.swift; path = AppDelegate.swift; sourceTree = "<group>"; };
		753A55C71BB073E900254F27 /* Base */ = {isa = PBXFileReference; lastKnownFileType = file.storyboard; name = Base; path = Base.lproj/Main.storyboard; sourceTree = "<group>"; };
		753A55C91BB073E900254F27 /* Images.xcassets */ = {isa = PBXFileReference; lastKnownFileType = folder.assetcatalog; path = Images.xcassets; sourceTree = "<group>"; };
		753A55CC1BB073E900254F27 /* Base */ = {isa = PBXFileReference; lastKnownFileType = file.xib; name = Base; path = Base.lproj/LaunchScreen.xib; sourceTree = "<group>"; };
		753A55E21BB0753B00254F27 /* SlideMenuViewController.swift */ = {isa = PBXFileReference; fileEncoding = 4; lastKnownFileType = sourcecode.swift; path = SlideMenuViewController.swift; sourceTree = "<group>"; };
		753A55E41BB0755100254F27 /* BaseViewController.swift */ = {isa = PBXFileReference; fileEncoding = 4; lastKnownFileType = sourcecode.swift; path = BaseViewController.swift; sourceTree = "<group>"; };
		94B2AE51B9B36BD6FF42133E /* Pods-OneSignalNotificationServiceExtension.debug.xcconfig */ = {isa = PBXFileReference; includeInIndex = 1; lastKnownFileType = text.xcconfig; name = "Pods-OneSignalNotificationServiceExtension.debug.xcconfig"; path = "Pods/Target Support Files/Pods-OneSignalNotificationServiceExtension/Pods-OneSignalNotificationServiceExtension.debug.xcconfig"; sourceTree = "<group>"; };
		97E52B6DC9D3DE58464C925E /* Pods-Visual Back Trainer.debug.xcconfig */ = {isa = PBXFileReference; includeInIndex = 1; lastKnownFileType = text.xcconfig; name = "Pods-Visual Back Trainer.debug.xcconfig"; path = "Pods/Target Support Files/Pods-Visual Back Trainer/Pods-Visual Back Trainer.debug.xcconfig"; sourceTree = "<group>"; };
		A274F40C4975D62B6F83BB1B /* Pods-OneSignalNotificationServiceExtension.release.xcconfig */ = {isa = PBXFileReference; includeInIndex = 1; lastKnownFileType = text.xcconfig; name = "Pods-OneSignalNotificationServiceExtension.release.xcconfig"; path = "Pods/Target Support Files/Pods-OneSignalNotificationServiceExtension/Pods-OneSignalNotificationServiceExtension.release.xcconfig"; sourceTree = "<group>"; };
		C6EEF9F71CB7E4E000A3DC6D /* MainMenuViewController.swift */ = {isa = PBXFileReference; fileEncoding = 4; lastKnownFileType = sourcecode.swift; path = MainMenuViewController.swift; sourceTree = "<group>"; };
/* End PBXFileReference section */

/* Begin PBXFrameworksBuildPhase section */
		1B8287522158140000A24319 /* Frameworks */ = {
			isa = PBXFrameworksBuildPhase;
			buildActionMask = 2147483647;
			files = (
				DDC6E0567CCC0B21379F8EDB /* Pods_OneSignalNotificationServiceExtension.framework in Frameworks */,
			);
			runOnlyForDeploymentPostprocessing = 0;
		};
		753A55BA1BB073E900254F27 /* Frameworks */ = {
			isa = PBXFrameworksBuildPhase;
			buildActionMask = 2147483647;
			files = (
				C3E88C606F624B7229EB4512 /* Pods_Visual_Back_Trainer.framework in Frameworks */,
				1B82874F2157B01900A24319 /* StoreKit.framework in Frameworks */,
			);
			runOnlyForDeploymentPostprocessing = 0;
		};
/* End PBXFrameworksBuildPhase section */

/* Begin PBXGroup section */
		14A7485E20C3C277002CB7EA /* CoreData */ = {
			isa = PBXGroup;
			children = (
				1BBC3AAB20D1252400B43A61 /* Trainingsplan.xcdatamodeld */,
				1BBC3AA520D1227700B43A61 /* GroupResponse.swift */,
				1BBC3AA720D1227800B43A61 /* TrainingModel.swift */,
				1BBC3A9420D1220D00B43A61 /* CoreDataManager.swift */,
				1BBC3A9320D121B100B43A61 /* Entity */,
			);
			name = CoreData;
			sourceTree = "<group>";
		};
		14A7486120C3C2A7002CB7EA /* TabBarControllers */ = {
			isa = PBXGroup;
			children = (
				1BC4368220BC8A0C00968F44 /* TabBarController.swift */,
				14A7486220C3C2D1002CB7EA /* PlanController.swift */,
			);
			name = TabBarControllers;
			sourceTree = "<group>";
		};
		14A7486A20C3DEDF002CB7EA /* MenuControllers */ = {
			isa = PBXGroup;
			children = (
				14A7486B20C3DF93002CB7EA /* ActivitiesController.swift */,
				14A7486D20C3DFAA002CB7EA /* SportsController.swift */,
				14A7487120C3DFF0002CB7EA /* ContactController.swift */,
				14A7487520C3E03A002CB7EA /* MobilisationsController.swift */,
				14A7487720C3E058002CB7EA /* BackTherapyController.swift */,
				1B3E460720DBF0C9003C4B96 /* ExercisesTableViewController.swift */,
			);
			name = MenuControllers;
			sourceTree = "<group>";
		};
		1B2F53D020F649D2001A2B6D /* DragAndDrop */ = {
			isa = PBXGroup;
			children = (
				1B13D71921037A1700852732 /* DragDropCollectionViewCell.xib */,
				1B2F53DF20F64B36001A2B6D /* DragDropCollectionViewCell.swift */,
				1B2F53D820F64B2D001A2B6D /* CollectionReusableView.swift */,
				1B2F53D920F64B2E001A2B6D /* DragDropTableViewCell.swift */,
				1B2F53DE20F64B35001A2B6D /* DecorationCollectionViewFlowLayout.swift */,
				1B369C8B211DEA42006FB5F6 /* TrainingsplanViewController+DragDropCollectionView.swift */,
				1B369C8A211DEA42006FB5F6 /* TrainingsplanViewController+DragDropTableView.swift */,
				1B2F53D120F64A92001A2B6D /* TrainingsplanViewController.swift */,
			);
			name = DragAndDrop;
			sourceTree = "<group>";
		};
		1B501D70213D5C2C00E948BE /* Animation */ = {
			isa = PBXGroup;
			children = (
				1B501D71213D5C7800E948BE /* art.scnassets */,
			);
			name = Animation;
			sourceTree = "<group>";
		};
		1B5ABFA9214A99B8004890CD /* Rating */ = {
			isa = PBXGroup;
			children = (
				1B5ABFAA214A99E1004890CD /* ReviewHandler.swift */,
			);
			name = Rating;
			sourceTree = "<group>";
		};
		1B8287422156145700A24319 /* Settings */ = {
			isa = PBXGroup;
			children = (
				1B8287432156148500A24319 /* SettingsViewController.swift */,
				1B8287452156217600A24319 /* LanguageCell.xib */,
				1B8287472156225A00A24319 /* LanguageCell.swift */,
			);
			name = Settings;
			sourceTree = "<group>";
		};
		1B8287562158140300A24319 /* OneSignalNotificationServiceExtension */ = {
			isa = PBXGroup;
			children = (
				1BB8356F215825500025BE62 /* OneSignalNotificationServiceExtension.entitlements */,
				1B8287572158140300A24319 /* NotificationService.swift */,
				1B8287592158140300A24319 /* Info.plist */,
			);
			path = OneSignalNotificationServiceExtension;
			sourceTree = "<group>";
		};
		1BBC3A9120D11FDC00B43A61 /* Utils */ = {
			isa = PBXGroup;
			children = (
				1BBC3AB420D1260D00B43A61 /* HttpManager.swift */,
				1BBC3AB220D1260C00B43A61 /* IJReachability.swift */,
				1BBC3AB320D1260C00B43A61 /* Utils.swift */,
				1BBC3AAE20D125DA00B43A61 /* API.swift */,
				1BBC3AAF20D125DB00B43A61 /* ApiHandler.swift */,
				14A7486820C3C344002CB7EA /* Constants.swift */,
				1B1D742B20E8C759005C1CD0 /* NetworkManager.swift */,
			);
			name = Utils;
			sourceTree = "<group>";
		};
		1BBC3A9320D121B100B43A61 /* Entity */ = {
			isa = PBXGroup;
			children = (
				1BB9E18A2150203B00EFFD32 /* GroupWorkoutMembership+CoreDataClass.swift */,
				1BB9E18B2150203B00EFFD32 /* GroupWorkoutMembership+CoreDataProperties.swift */,
				1BB9E18C2150203B00EFFD32 /* Remark+CoreDataClass.swift */,
				1BB9E18D2150203B00EFFD32 /* Remark+CoreDataProperties.swift */,
				1BB9E18E2150203B00EFFD32 /* Title+CoreDataClass.swift */,
				1BB9E18F2150203B00EFFD32 /* Title+CoreDataProperties.swift */,
				1BB9E1902150203B00EFFD32 /* Musclegroup+CoreDataClass.swift */,
				1BB9E1912150203B00EFFD32 /* Musclegroup+CoreDataProperties.swift */,
				1BB9E1922150203B00EFFD32 /* Workout+CoreDataClass.swift */,
				1BB9E1932150203B00EFFD32 /* Workout+CoreDataProperties.swift */,
				1BB9E1942150203B00EFFD32 /* Language+CoreDataClass.swift */,
				1BB9E1952150203B00EFFD32 /* Language+CoreDataProperties.swift */,
				1BB9E1962150203B00EFFD32 /* Trainingsplan+CoreDataClass.swift */,
				1BB9E1972150203B00EFFD32 /* Trainingsplan+CoreDataProperties.swift */,
				1BB9E1982150203B00EFFD32 /* Instruction+CoreDataClass.swift */,
				1BB9E1992150203B00EFFD32 /* Instruction+CoreDataProperties.swift */,
			);
			name = Entity;
			sourceTree = "<group>";
		};
		1BBC3ABB20D1A4C100B43A61 /* Extension */ = {
			isa = PBXGroup;
			children = (
				1BBC3ABC20D1A4CF00B43A61 /* String+Custom.swift */,
				1BBC3ABD20D1A4CF00B43A61 /* UIColor+Custom.swift */,
			);
			name = Extension;
			sourceTree = "<group>";
		};
		1BBC3ACA20D2F6FA00B43A61 /* VideoPlayer */ = {
			isa = PBXGroup;
			children = (
				1B3E45FD20D2F770003C4B96 /* VideoPlayerViewController.swift */,
				1B3E45FF20D6585E003C4B96 /* Subtitles.swift */,
				1B3E460120D671CB003C4B96 /* InfoView.xib */,
				1B3E460520D675C5003C4B96 /* InfoView.swift */,
				1B5ABFAC214B9722004890CD /* VideoSummaryViewController.swift */,
			);
			name = VideoPlayer;
			sourceTree = "<group>";
		};
		1BCFB6AD20D11DFF003FBF7F /* Anatomy */ = {
			isa = PBXGroup;
			children = (
				1BCF6A1C20C9B3BB00E310DF /* AnatomyViewController.swift */,
				1BCF6A1F20C9B40100E310DF /* Torso.swift */,
				1BCF6A2120C9B40200E310DF /* TorsoFrontView.swift */,
				1BCF6A2220C9B40200E310DF /* TorsoBackView.swift */,
				1BCF6A1E20C9B40100E310DF /* TorsoBackView.xib */,
				1BCF6A2020C9B40100E310DF /* TorsoBasicView.swift */,
				1BCF6A2320C9B40200E310DF /* TorsoFrontView.xib */,
				1BBC3AC020D2617900B43A61 /* VideoTableViewController.swift */,
				1BBC3AC220D2641D00B43A61 /* VideoCell.swift */,
				1BBC3AC320D2641E00B43A61 /* VideoCell.xib */,
				1BBC3AC620D2673C00B43A61 /* MuscleGroupImageView.swift */,
				1BBC3AC820D26B3700B43A61 /* MuscleGroupButton.swift */,
				1B501D73213D5D2300E948BE /* AnimationTorsoViewController.swift */,
			);
			name = Anatomy;
			sourceTree = "<group>";
		};
		1BCFB6AE20D11E26003FBF7F /* Premium */ = {
			isa = PBXGroup;
			children = (
				14A7486420C3C2EC002CB7EA /* PremiumViewController.swift */,
				1BCF69FB20C7307200E310DF /* PremiumTableViewCell.swift */,
			);
			name = Premium;
			sourceTree = "<group>";
		};
		1BCFB6AF20D11E66003FBF7F /* Main Menu */ = {
			isa = PBXGroup;
			children = (
				C6EEF9F71CB7E4E000A3DC6D /* MainMenuViewController.swift */,
				753A55E41BB0755100254F27 /* BaseViewController.swift */,
				1BCF8461203206B000F55F64 /* ItemsCollectionViewCell.swift */,
				1BCF6A0720C997C100E310DF /* CollectionHeaderView.swift */,
				753A55E21BB0753B00254F27 /* SlideMenuViewController.swift */,
			);
			name = "Main Menu";
			sourceTree = "<group>";
		};
		1BCFB6B020D11F30003FBF7F /* Resources */ = {
			isa = PBXGroup;
			children = (
				1B501D70213D5C2C00E948BE /* Animation */,
				1BDDDE7D20D11F8F009EE392 /* Language */,
				1BDDDE7C20D11F74009EE392 /* Gui */,
			);
			name = Resources;
			sourceTree = "<group>";
		};
		1BD8A515215BFB1D00462F86 /* New Group */ = {
			isa = PBXGroup;
			children = (
			);
			name = "New Group";
			sourceTree = "<group>";
		};
		1BD8A516215BFB2A00462F86 /* New Group1 */ = {
			isa = PBXGroup;
			children = (
			);
			path = "New Group1";
			sourceTree = "<group>";
		};
		1BDDDE7C20D11F74009EE392 /* Gui */ = {
			isa = PBXGroup;
			children = (
				753A55C61BB073E900254F27 /* Main.storyboard */,
				753A55C91BB073E900254F27 /* Images.xcassets */,
				1BD8A516215BFB2A00462F86 /* New Group1 */,
				1BD8A515215BFB1D00462F86 /* New Group */,
				753A55CB1BB073E900254F27 /* LaunchScreen.xib */,
			);
			name = Gui;
			sourceTree = "<group>";
		};
		1BDDDE7D20D11F8F009EE392 /* Language */ = {
			isa = PBXGroup;
			children = (
				1BCF6A0120C9905500E310DF /* de.lproj */,
				1BCF6A0320C9905500E310DF /* en.lproj */,
				1BCF6A0220C9905500E310DF /* es.lproj */,
			);
			name = Language;
			sourceTree = "<group>";
		};
		753A55B41BB073E900254F27 = {
			isa = PBXGroup;
			children = (
				753A55BF1BB073E900254F27 /* Visual Back Trainer */,
				1B8287562158140300A24319 /* OneSignalNotificationServiceExtension */,
				753A55BE1BB073E900254F27 /* Products */,
				800D1E0BE3896ED046A4BB0A /* Pods */,
				B9F5C41866EBEDE6401E167B /* Frameworks */,
			);
			sourceTree = "<group>";
		};
		753A55BE1BB073E900254F27 /* Products */ = {
			isa = PBXGroup;
			children = (
				753A55BD1BB073E900254F27 /* Visual Back Trainer.app */,
				1B8287552158140100A24319 /* OneSignalNotificationServiceExtension.appex */,
			);
			name = Products;
			sourceTree = "<group>";
		};
		753A55BF1BB073E900254F27 /* Visual Back Trainer */ = {
			isa = PBXGroup;
			children = (
				1B8287502157B02D00A24319 /* Visual Back Trainer.entitlements */,
				1B8287422156145700A24319 /* Settings */,
				1B5ABFA9214A99B8004890CD /* Rating */,
				1B2F53D020F649D2001A2B6D /* DragAndDrop */,
				1BBC3ACA20D2F6FA00B43A61 /* VideoPlayer */,
				1BBC3ABB20D1A4C100B43A61 /* Extension */,
				753A55C21BB073E900254F27 /* AppDelegate.swift */,
				1BCFB6AF20D11E66003FBF7F /* Main Menu */,
				1BCFB6AE20D11E26003FBF7F /* Premium */,
				1BCFB6AD20D11DFF003FBF7F /* Anatomy */,
				14A7485E20C3C277002CB7EA /* CoreData */,
				14A7486A20C3DEDF002CB7EA /* MenuControllers */,
				14A7486120C3C2A7002CB7EA /* TabBarControllers */,
				1BBC3A9120D11FDC00B43A61 /* Utils */,
				1BCFB6B020D11F30003FBF7F /* Resources */,
				753A55C01BB073E900254F27 /* Supporting Files */,
				1BD535E320E504D6000F1A37 /* GenericTableViewController.swift */,
				1B1D742D20E8CA9A005C1CD0 /* OfflineViewController.swift */,
			);
			path = "Visual Back Trainer";
			sourceTree = "<group>";
		};
		753A55C01BB073E900254F27 /* Supporting Files */ = {
			isa = PBXGroup;
			children = (
				753A55C11BB073E900254F27 /* Info.plist */,
			);
			name = "Supporting Files";
			sourceTree = "<group>";
		};
		800D1E0BE3896ED046A4BB0A /* Pods */ = {
			isa = PBXGroup;
			children = (
				97E52B6DC9D3DE58464C925E /* Pods-Visual Back Trainer.debug.xcconfig */,
				6661853E5EC2C1DF3EB34716 /* Pods-Visual Back Trainer.release.xcconfig */,
				4B0EE30EF5413A93082058A8 /* Pods-Visual Back Trainer.debug.xcconfig */,
				2A7A661B6EEDE2805E909539 /* Pods-Visual Back Trainer.release.xcconfig */,
				94B2AE51B9B36BD6FF42133E /* Pods-OneSignalNotificationServiceExtension.debug.xcconfig */,
				A274F40C4975D62B6F83BB1B /* Pods-OneSignalNotificationServiceExtension.release.xcconfig */,
			);
			name = Pods;
			sourceTree = "<group>";
		};
		B9F5C41866EBEDE6401E167B /* Frameworks */ = {
			isa = PBXGroup;
			children = (
				1B82874E2157B01900A24319 /* StoreKit.framework */,
				0B16F3D0DCE36AA650ACFAD7 /* Pods_Visual_Back_Trainer.framework */,
				428315EDBE32C72EC611019B /* Pods_OneSignalNotificationServiceExtension.framework */,
			);
			name = Frameworks;
			sourceTree = "<group>";
		};
/* End PBXGroup section */

/* Begin PBXNativeTarget section */
		1B8287542158140000A24319 /* OneSignalNotificationServiceExtension */ = {
			isa = PBXNativeTarget;
			buildConfigurationList = 1B82875D2158140400A24319 /* Build configuration list for PBXNativeTarget "OneSignalNotificationServiceExtension" */;
			buildPhases = (
				720A7BECB6DA2C8929D5D75E /* [CP] Check Pods Manifest.lock */,
				1B8287512158140000A24319 /* Sources */,
				1B8287522158140000A24319 /* Frameworks */,
				1B8287532158140000A24319 /* Resources */,
			);
			buildRules = (
			);
			dependencies = (
			);
			name = OneSignalNotificationServiceExtension;
			productName = OneSignalNotificationServiceExtension;
			productReference = 1B8287552158140100A24319 /* OneSignalNotificationServiceExtension.appex */;
			productType = "com.apple.product-type.app-extension";
		};
		753A55BC1BB073E900254F27 /* Visual Back Trainer */ = {
			isa = PBXNativeTarget;
			buildConfigurationList = 753A55DC1BB073E900254F27 /* Build configuration list for PBXNativeTarget "Visual Back Trainer" */;
			buildPhases = (
				C24743F90DA16F926EAC6C95 /* [CP] Check Pods Manifest.lock */,
				753A55B91BB073E900254F27 /* Sources */,
				753A55BA1BB073E900254F27 /* Frameworks */,
				753A55BB1BB073E900254F27 /* Resources */,
				04D8C592CCD2EF294619C052 /* [CP] Embed Pods Frameworks */,
				1B8287602158140400A24319 /* Embed App Extensions */,
			);
			buildRules = (
			);
			dependencies = (
				1B82875B2158140300A24319 /* PBXTargetDependency */,
			);
			name = "Visual Back Trainer";
			productName = AKSwiftSlideMenu;
			productReference = 753A55BD1BB073E900254F27 /* Visual Back Trainer.app */;
			productType = "com.apple.product-type.application";
		};
/* End PBXNativeTarget section */

/* Begin PBXProject section */
		753A55B51BB073E900254F27 /* Project object */ = {
			isa = PBXProject;
			attributes = {
				LastSwiftMigration = 0700;
				LastSwiftUpdateCheck = 0940;
				LastUpgradeCheck = 0940;
				ORGANIZATIONNAME = Rookie;
				TargetAttributes = {
					1B8287542158140000A24319 = {
						CreatedOnToolsVersion = 9.4.1;
						SystemCapabilities = {
							com.apple.Push = {
								enabled = 1;
							};
						};
					};
					753A55BC1BB073E900254F27 = {
						CreatedOnToolsVersion = 6.4;
						LastSwiftMigration = 0900;
						SystemCapabilities = {
							com.apple.BackgroundModes = {
								enabled = 1;
							};
							com.apple.InAppPurchase = {
								enabled = 1;
							};
							com.apple.Push = {
								enabled = 1;
							};
						};
					};
				};
			};
			buildConfigurationList = 753A55B81BB073E900254F27 /* Build configuration list for PBXProject "Visual Back Trainer" */;
			compatibilityVersion = "Xcode 9.3";
			developmentRegion = English;
			hasScannedForEncodings = 0;
			knownRegions = (
				en,
				Base,
			);
			mainGroup = 753A55B41BB073E900254F27;
			productRefGroup = 753A55BE1BB073E900254F27 /* Products */;
			projectDirPath = "";
			projectRoot = "";
			targets = (
				753A55BC1BB073E900254F27 /* Visual Back Trainer */,
				1B8287542158140000A24319 /* OneSignalNotificationServiceExtension */,
			);
		};
/* End PBXProject section */

/* Begin PBXResourcesBuildPhase section */
		1B8287532158140000A24319 /* Resources */ = {
			isa = PBXResourcesBuildPhase;
			buildActionMask = 2147483647;
			files = (
			);
			runOnlyForDeploymentPostprocessing = 0;
		};
		753A55BB1BB073E900254F27 /* Resources */ = {
			isa = PBXResourcesBuildPhase;
			buildActionMask = 2147483647;
			files = (
				753A55C81BB073E900254F27 /* Main.storyboard in Resources */,
				1B501D72213D5C7800E948BE /* art.scnassets in Resources */,
				753A55CD1BB073E900254F27 /* LaunchScreen.xib in Resources */,
				1B13D71A21037A1700852732 /* DragDropCollectionViewCell.xib in Resources */,
				1BCF6A0420C9905500E310DF /* de.lproj in Resources */,
				1B8287462156217600A24319 /* LanguageCell.xib in Resources */,
				1BBC3AC520D2641E00B43A61 /* VideoCell.xib in Resources */,
				1BCF6A2420C9B40200E310DF /* TorsoBackView.xib in Resources */,
				1BCF6A0520C9905500E310DF /* es.lproj in Resources */,
				1B3E460220D671CB003C4B96 /* InfoView.xib in Resources */,
				1BCF6A0620C9905500E310DF /* en.lproj in Resources */,
				1BCF6A2920C9B40200E310DF /* TorsoFrontView.xib in Resources */,
				753A55CA1BB073E900254F27 /* Images.xcassets in Resources */,
			);
			runOnlyForDeploymentPostprocessing = 0;
		};
/* End PBXResourcesBuildPhase section */

/* Begin PBXShellScriptBuildPhase section */
		04D8C592CCD2EF294619C052 /* [CP] Embed Pods Frameworks */ = {
			isa = PBXShellScriptBuildPhase;
			buildActionMask = 2147483647;
			files = (
			);
			inputPaths = (
				"${SRCROOT}/Pods/Target Support Files/Pods-Visual Back Trainer/Pods-Visual Back Trainer-frameworks.sh",
				"${BUILT_PRODUCTS_DIR}/AMPopTip/AMPopTip.framework",
				"${BUILT_PRODUCTS_DIR}/Alamofire/Alamofire.framework",
				"${BUILT_PRODUCTS_DIR}/DragDropiOS/DragDropiOS.framework",
				"${BUILT_PRODUCTS_DIR}/DropDown/DropDown.framework",
				"${BUILT_PRODUCTS_DIR}/RNCryptor/RNCryptor.framework",
				"${BUILT_PRODUCTS_DIR}/ReachabilitySwift/Reachability.framework",
				"${BUILT_PRODUCTS_DIR}/SnapKit/SnapKit.framework",
				"${BUILT_PRODUCTS_DIR}/SwiftSpinner/SwiftSpinner.framework",
			);
			name = "[CP] Embed Pods Frameworks";
			outputPaths = (
				"${TARGET_BUILD_DIR}/${FRAMEWORKS_FOLDER_PATH}/AMPopTip.framework",
				"${TARGET_BUILD_DIR}/${FRAMEWORKS_FOLDER_PATH}/Alamofire.framework",
				"${TARGET_BUILD_DIR}/${FRAMEWORKS_FOLDER_PATH}/DragDropiOS.framework",
				"${TARGET_BUILD_DIR}/${FRAMEWORKS_FOLDER_PATH}/DropDown.framework",
				"${TARGET_BUILD_DIR}/${FRAMEWORKS_FOLDER_PATH}/RNCryptor.framework",
				"${TARGET_BUILD_DIR}/${FRAMEWORKS_FOLDER_PATH}/Reachability.framework",
				"${TARGET_BUILD_DIR}/${FRAMEWORKS_FOLDER_PATH}/SnapKit.framework",
				"${TARGET_BUILD_DIR}/${FRAMEWORKS_FOLDER_PATH}/SwiftSpinner.framework",
			);
			runOnlyForDeploymentPostprocessing = 0;
			shellPath = /bin/sh;
			shellScript = "\"${SRCROOT}/Pods/Target Support Files/Pods-Visual Back Trainer/Pods-Visual Back Trainer-frameworks.sh\"\n";
			showEnvVarsInLog = 0;
		};
		720A7BECB6DA2C8929D5D75E /* [CP] Check Pods Manifest.lock */ = {
			isa = PBXShellScriptBuildPhase;
			buildActionMask = 2147483647;
			files = (
			);
			inputPaths = (
				"${PODS_PODFILE_DIR_PATH}/Podfile.lock",
				"${PODS_ROOT}/Manifest.lock",
			);
			name = "[CP] Check Pods Manifest.lock";
			outputPaths = (
				"$(DERIVED_FILE_DIR)/Pods-OneSignalNotificationServiceExtension-checkManifestLockResult.txt",
			);
			runOnlyForDeploymentPostprocessing = 0;
			shellPath = /bin/sh;
			shellScript = "diff \"${PODS_PODFILE_DIR_PATH}/Podfile.lock\" \"${PODS_ROOT}/Manifest.lock\" > /dev/null\nif [ $? != 0 ] ; then\n    # print error to STDERR\n    echo \"error: The sandbox is not in sync with the Podfile.lock. Run 'pod install' or update your CocoaPods installation.\" >&2\n    exit 1\nfi\n# This output is used by Xcode 'outputs' to avoid re-running this script phase.\necho \"SUCCESS\" > \"${SCRIPT_OUTPUT_FILE_0}\"\n";
			showEnvVarsInLog = 0;
		};
		C24743F90DA16F926EAC6C95 /* [CP] Check Pods Manifest.lock */ = {
			isa = PBXShellScriptBuildPhase;
			buildActionMask = 2147483647;
			files = (
			);
			inputPaths = (
				"${PODS_PODFILE_DIR_PATH}/Podfile.lock",
				"${PODS_ROOT}/Manifest.lock",
			);
			name = "[CP] Check Pods Manifest.lock";
			outputPaths = (
				"$(DERIVED_FILE_DIR)/Pods-Visual Back Trainer-checkManifestLockResult.txt",
			);
			runOnlyForDeploymentPostprocessing = 0;
			shellPath = /bin/sh;
			shellScript = "diff \"${PODS_PODFILE_DIR_PATH}/Podfile.lock\" \"${PODS_ROOT}/Manifest.lock\" > /dev/null\nif [ $? != 0 ] ; then\n    # print error to STDERR\n    echo \"error: The sandbox is not in sync with the Podfile.lock. Run 'pod install' or update your CocoaPods installation.\" >&2\n    exit 1\nfi\n# This output is used by Xcode 'outputs' to avoid re-running this script phase.\necho \"SUCCESS\" > \"${SCRIPT_OUTPUT_FILE_0}\"\n";
			showEnvVarsInLog = 0;
		};
/* End PBXShellScriptBuildPhase section */

/* Begin PBXSourcesBuildPhase section */
		1B8287512158140000A24319 /* Sources */ = {
			isa = PBXSourcesBuildPhase;
			buildActionMask = 2147483647;
			files = (
				1B8287582158140300A24319 /* NotificationService.swift in Sources */,
			);
			runOnlyForDeploymentPostprocessing = 0;
		};
		753A55B91BB073E900254F27 /* Sources */ = {
			isa = PBXSourcesBuildPhase;
			buildActionMask = 2147483647;
			files = (
				1B2F53E220F64B37001A2B6D /* DragDropCollectionViewCell.swift in Sources */,
				1BB9E19B2150203B00EFFD32 /* GroupWorkoutMembership+CoreDataProperties.swift in Sources */,
				1BB9E1A42150203B00EFFD32 /* Language+CoreDataClass.swift in Sources */,
				1BBC3ABF20D1A4D000B43A61 /* UIColor+Custom.swift in Sources */,
				1B5ABFAD214B9722004890CD /* VideoSummaryViewController.swift in Sources */,
				1BCF6A0820C997C100E310DF /* CollectionHeaderView.swift in Sources */,
				1BB9E19C2150203B00EFFD32 /* Remark+CoreDataClass.swift in Sources */,
				1B5ABFAB214A99E4004890CD /* ReviewHandler.swift in Sources */,
				1BB9E1A82150203B00EFFD32 /* Instruction+CoreDataClass.swift in Sources */,
				1BCF6A2720C9B40200E310DF /* TorsoFrontView.swift in Sources */,
				1BBC3AA820D1227800B43A61 /* GroupResponse.swift in Sources */,
				753A55E51BB0755100254F27 /* BaseViewController.swift in Sources */,
				1B2F53DB20F64B2E001A2B6D /* CollectionReusableView.swift in Sources */,
				1BBC3AAA20D1227800B43A61 /* TrainingModel.swift in Sources */,
				C6EEF9F81CB7E4E000A3DC6D /* MainMenuViewController.swift in Sources */,
				1B2F53E120F64B37001A2B6D /* DecorationCollectionViewFlowLayout.swift in Sources */,
				1BBC3AC420D2641E00B43A61 /* VideoCell.swift in Sources */,
				1BBC3AC720D2673C00B43A61 /* MuscleGroupImageView.swift in Sources */,
				1B8287442156148500A24319 /* SettingsViewController.swift in Sources */,
				1B3E460020D6585E003C4B96 /* Subtitles.swift in Sources */,
				1BBC3ABE20D1A4D000B43A61 /* String+Custom.swift in Sources */,
				1B3E460620D675C5003C4B96 /* InfoView.swift in Sources */,
				1BB9E1A52150203B00EFFD32 /* Language+CoreDataProperties.swift in Sources */,
				1BCF6A1D20C9B3BB00E310DF /* AnatomyViewController.swift in Sources */,
				1BB9E1A92150203B00EFFD32 /* Instruction+CoreDataProperties.swift in Sources */,
				1BB9E19D2150203B00EFFD32 /* Remark+CoreDataProperties.swift in Sources */,
				1BCF6A2620C9B40200E310DF /* TorsoBasicView.swift in Sources */,
				1BCF6A2820C9B40200E310DF /* TorsoBackView.swift in Sources */,
				753A55E31BB0753B00254F27 /* SlideMenuViewController.swift in Sources */,
				1BCF6A2520C9B40200E310DF /* Torso.swift in Sources */,
				1B1D742C20E8C759005C1CD0 /* NetworkManager.swift in Sources */,
				14A7487620C3E03A002CB7EA /* MobilisationsController.swift in Sources */,
				1BB9E1A72150203B00EFFD32 /* Trainingsplan+CoreDataProperties.swift in Sources */,
				1B2F53DC20F64B2E001A2B6D /* DragDropTableViewCell.swift in Sources */,
				1BB9E1A02150203B00EFFD32 /* Musclegroup+CoreDataClass.swift in Sources */,
				1BD535E420E504D6000F1A37 /* GenericTableViewController.swift in Sources */,
				1BBC3AB620D1260D00B43A61 /* Utils.swift in Sources */,
				1BBC3AAD20D1252400B43A61 /* Trainingsplan.xcdatamodeld in Sources */,
				1B8287482156225A00A24319 /* LanguageCell.swift in Sources */,
				1B369C8C211DEA43006FB5F6 /* TrainingsplanViewController+DragDropTableView.swift in Sources */,
				1BB9E1A32150203B00EFFD32 /* Workout+CoreDataProperties.swift in Sources */,
				1BC4368320BC8A0D00968F44 /* TabBarController.swift in Sources */,
				1BB9E19F2150203B00EFFD32 /* Title+CoreDataProperties.swift in Sources */,
				1BB9E1A62150203B00EFFD32 /* Trainingsplan+CoreDataClass.swift in Sources */,
				1BB9E1A12150203B00EFFD32 /* Musclegroup+CoreDataProperties.swift in Sources */,
				1B3E460820DBF0C9003C4B96 /* ExercisesTableViewController.swift in Sources */,
				1B1D742E20E8CA9A005C1CD0 /* OfflineViewController.swift in Sources */,
				14A7486920C3C344002CB7EA /* Constants.swift in Sources */,
				753A55C31BB073E900254F27 /* AppDelegate.swift in Sources */,
				1BBC3AC120D2617900B43A61 /* VideoTableViewController.swift in Sources */,
				1B2F53D220F64A93001A2B6D /* TrainingsplanViewController.swift in Sources */,
				14A7487820C3E058002CB7EA /* BackTherapyController.swift in Sources */,
				1BBC3AB720D1260D00B43A61 /* HttpManager.swift in Sources */,
				1BCF69FC20C7307200E310DF /* PremiumTableViewCell.swift in Sources */,
				1BBC3AB520D1260D00B43A61 /* IJReachability.swift in Sources */,
				14A7486520C3C2EC002CB7EA /* PremiumViewController.swift in Sources */,
				1BBC3A9520D1220D00B43A61 /* CoreDataManager.swift in Sources */,
				1BB9E1A22150203B00EFFD32 /* Workout+CoreDataClass.swift in Sources */,
				1B3E45FE20D2F770003C4B96 /* VideoPlayerViewController.swift in Sources */,
				1BB9E19A2150203B00EFFD32 /* GroupWorkoutMembership+CoreDataClass.swift in Sources */,
				1BB9E19E2150203B00EFFD32 /* Title+CoreDataClass.swift in Sources */,
				14A7486E20C3DFAA002CB7EA /* SportsController.swift in Sources */,
				1BBC3AC920D26B3700B43A61 /* MuscleGroupButton.swift in Sources */,
				14A7487220C3DFF0002CB7EA /* ContactController.swift in Sources */,
				1BBC3AB120D125DB00B43A61 /* ApiHandler.swift in Sources */,
				14A7486320C3C2D1002CB7EA /* PlanController.swift in Sources */,
				14A7486C20C3DF93002CB7EA /* ActivitiesController.swift in Sources */,
				1BCF8462203206B000F55F64 /* ItemsCollectionViewCell.swift in Sources */,
				1B369C8D211DEA43006FB5F6 /* TrainingsplanViewController+DragDropCollectionView.swift in Sources */,
				1BBC3AB020D125DB00B43A61 /* API.swift in Sources */,
				1B501D74213D5D2300E948BE /* AnimationTorsoViewController.swift in Sources */,
			);
			runOnlyForDeploymentPostprocessing = 0;
		};
/* End PBXSourcesBuildPhase section */

/* Begin PBXTargetDependency section */
		1B82875B2158140300A24319 /* PBXTargetDependency */ = {
			isa = PBXTargetDependency;
			target = 1B8287542158140000A24319 /* OneSignalNotificationServiceExtension */;
			targetProxy = 1B82875A2158140300A24319 /* PBXContainerItemProxy */;
		};
/* End PBXTargetDependency section */

/* Begin PBXVariantGroup section */
		753A55C61BB073E900254F27 /* Main.storyboard */ = {
			isa = PBXVariantGroup;
			children = (
				753A55C71BB073E900254F27 /* Base */,
				1BCF69FD20C98F2E00E310DF /* de */,
				1BCF69FF20C98F3C00E310DF /* es */,
			);
			name = Main.storyboard;
			sourceTree = "<group>";
		};
		753A55CB1BB073E900254F27 /* LaunchScreen.xib */ = {
			isa = PBXVariantGroup;
			children = (
				753A55CC1BB073E900254F27 /* Base */,
				1BCF69FE20C98F2E00E310DF /* de */,
				1BCF6A0020C98F3C00E310DF /* es */,
			);
			name = LaunchScreen.xib;
			sourceTree = "<group>";
		};
/* End PBXVariantGroup section */

/* Begin XCBuildConfiguration section */
		1B82875E2158140400A24319 /* Debug */ = {
			isa = XCBuildConfiguration;
			baseConfigurationReference = 94B2AE51B9B36BD6FF42133E /* Pods-OneSignalNotificationServiceExtension.debug.xcconfig */;
			buildSettings = {
				CLANG_ANALYZER_NONNULL = YES;
				CLANG_ANALYZER_NUMBER_OBJECT_CONVERSION = YES_AGGRESSIVE;
				CLANG_CXX_LANGUAGE_STANDARD = "gnu++14";
				CLANG_ENABLE_OBJC_WEAK = YES;
				CLANG_WARN_DOCUMENTATION_COMMENTS = YES;
				CLANG_WARN_UNGUARDED_AVAILABILITY = YES_AGGRESSIVE;
				CODE_SIGN_ENTITLEMENTS = OneSignalNotificationServiceExtension/OneSignalNotificationServiceExtension.entitlements;
				CODE_SIGN_IDENTITY = "iPhone Developer";
				CODE_SIGN_STYLE = Automatic;
				DEBUG_INFORMATION_FORMAT = dwarf;
				DEVELOPMENT_TEAM = P2EQM7YAFH;
				GCC_C_LANGUAGE_STANDARD = gnu11;
				INFOPLIST_FILE = OneSignalNotificationServiceExtension/Info.plist;
				IPHONEOS_DEPLOYMENT_TARGET = 10.2;
				LD_RUNPATH_SEARCH_PATHS = "$(inherited) @executable_path/Frameworks @executable_path/../../Frameworks";
				PRODUCT_BUNDLE_IDENTIFIER = ch.vormbrock.visualbacktrainer.OneSignalNotificationServiceExtension;
				PRODUCT_NAME = "$(TARGET_NAME)";
				SKIP_INSTALL = YES;
				SWIFT_ACTIVE_COMPILATION_CONDITIONS = DEBUG;
				SWIFT_VERSION = 4.0;
				TARGETED_DEVICE_FAMILY = "1,2";
			};
			name = Debug;
		};
		1B82875F2158140400A24319 /* Release */ = {
			isa = XCBuildConfiguration;
			baseConfigurationReference = A274F40C4975D62B6F83BB1B /* Pods-OneSignalNotificationServiceExtension.release.xcconfig */;
			buildSettings = {
				CLANG_ANALYZER_NONNULL = YES;
				CLANG_ANALYZER_NUMBER_OBJECT_CONVERSION = YES_AGGRESSIVE;
				CLANG_CXX_LANGUAGE_STANDARD = "gnu++14";
				CLANG_ENABLE_OBJC_WEAK = YES;
				CLANG_WARN_DOCUMENTATION_COMMENTS = YES;
				CLANG_WARN_UNGUARDED_AVAILABILITY = YES_AGGRESSIVE;
				CODE_SIGN_ENTITLEMENTS = OneSignalNotificationServiceExtension/OneSignalNotificationServiceExtension.entitlements;
				CODE_SIGN_IDENTITY = "iPhone Developer";
				CODE_SIGN_STYLE = Automatic;
				DEVELOPMENT_TEAM = P2EQM7YAFH;
				GCC_C_LANGUAGE_STANDARD = gnu11;
				INFOPLIST_FILE = OneSignalNotificationServiceExtension/Info.plist;
				IPHONEOS_DEPLOYMENT_TARGET = 10.2;
				LD_RUNPATH_SEARCH_PATHS = "$(inherited) @executable_path/Frameworks @executable_path/../../Frameworks";
				PRODUCT_BUNDLE_IDENTIFIER = ch.vormbrock.visualbacktrainer.OneSignalNotificationServiceExtension;
				PRODUCT_NAME = "$(TARGET_NAME)";
				SKIP_INSTALL = YES;
				SWIFT_COMPILATION_MODE = wholemodule;
				SWIFT_OPTIMIZATION_LEVEL = "-O";
				SWIFT_VERSION = 4.0;
				TARGETED_DEVICE_FAMILY = "1,2";
			};
			name = Release;
		};
		753A55DA1BB073E900254F27 /* Debug */ = {
			isa = XCBuildConfiguration;
			buildSettings = {
				ALWAYS_SEARCH_USER_PATHS = NO;
				CLANG_ANALYZER_LOCALIZABILITY_NONLOCALIZED = YES;
				CLANG_CXX_LANGUAGE_STANDARD = "gnu++0x";
				CLANG_CXX_LIBRARY = "libc++";
				CLANG_ENABLE_MODULES = YES;
				CLANG_ENABLE_OBJC_ARC = YES;
				CLANG_WARN_BLOCK_CAPTURE_AUTORELEASING = YES;
				CLANG_WARN_BOOL_CONVERSION = YES;
				CLANG_WARN_COMMA = YES;
				CLANG_WARN_CONSTANT_CONVERSION = YES;
				CLANG_WARN_DEPRECATED_OBJC_IMPLEMENTATIONS = YES;
				CLANG_WARN_DIRECT_OBJC_ISA_USAGE = YES_ERROR;
				CLANG_WARN_EMPTY_BODY = YES;
				CLANG_WARN_ENUM_CONVERSION = YES;
				CLANG_WARN_INFINITE_RECURSION = YES;
				CLANG_WARN_INT_CONVERSION = YES;
				CLANG_WARN_NON_LITERAL_NULL_CONVERSION = YES;
				CLANG_WARN_OBJC_IMPLICIT_RETAIN_SELF = YES;
				CLANG_WARN_OBJC_LITERAL_CONVERSION = YES;
				CLANG_WARN_OBJC_ROOT_CLASS = YES_ERROR;
				CLANG_WARN_RANGE_LOOP_ANALYSIS = YES;
				CLANG_WARN_STRICT_PROTOTYPES = YES;
				CLANG_WARN_SUSPICIOUS_MOVE = YES;
				CLANG_WARN_UNREACHABLE_CODE = YES;
				CLANG_WARN__DUPLICATE_METHOD_MATCH = YES;
				"CODE_SIGN_IDENTITY[sdk=iphoneos*]" = "iPhone Developer";
				COPY_PHASE_STRIP = NO;
				DEBUG_INFORMATION_FORMAT = "dwarf-with-dsym";
				ENABLE_STRICT_OBJC_MSGSEND = YES;
				ENABLE_TESTABILITY = YES;
				GCC_C_LANGUAGE_STANDARD = gnu99;
				GCC_DYNAMIC_NO_PIC = NO;
				GCC_NO_COMMON_BLOCKS = YES;
				GCC_OPTIMIZATION_LEVEL = 0;
				GCC_PREPROCESSOR_DEFINITIONS = (
					"DEBUG=1",
					"$(inherited)",
				);
				GCC_SYMBOLS_PRIVATE_EXTERN = NO;
				GCC_WARN_64_TO_32_BIT_CONVERSION = YES;
				GCC_WARN_ABOUT_RETURN_TYPE = YES_ERROR;
				GCC_WARN_UNDECLARED_SELECTOR = YES;
				GCC_WARN_UNINITIALIZED_AUTOS = YES_AGGRESSIVE;
				GCC_WARN_UNUSED_FUNCTION = YES;
				GCC_WARN_UNUSED_VARIABLE = YES;
				IPHONEOS_DEPLOYMENT_TARGET = 11.3;
				MTL_ENABLE_DEBUG_INFO = YES;
				ONLY_ACTIVE_ARCH = YES;
				SDKROOT = iphoneos;
				SWIFT_COMPILATION_MODE = singlefile;
				SWIFT_OPTIMIZATION_LEVEL = "-Onone";
				SWIFT_SWIFT3_OBJC_INFERENCE = Off;
			};
			name = Debug;
		};
		753A55DB1BB073E900254F27 /* Release */ = {
			isa = XCBuildConfiguration;
			buildSettings = {
				ALWAYS_SEARCH_USER_PATHS = NO;
				CLANG_ANALYZER_LOCALIZABILITY_NONLOCALIZED = YES;
				CLANG_CXX_LANGUAGE_STANDARD = "gnu++0x";
				CLANG_CXX_LIBRARY = "libc++";
				CLANG_ENABLE_MODULES = YES;
				CLANG_ENABLE_OBJC_ARC = YES;
				CLANG_WARN_BLOCK_CAPTURE_AUTORELEASING = YES;
				CLANG_WARN_BOOL_CONVERSION = YES;
				CLANG_WARN_COMMA = YES;
				CLANG_WARN_CONSTANT_CONVERSION = YES;
				CLANG_WARN_DEPRECATED_OBJC_IMPLEMENTATIONS = YES;
				CLANG_WARN_DIRECT_OBJC_ISA_USAGE = YES_ERROR;
				CLANG_WARN_EMPTY_BODY = YES;
				CLANG_WARN_ENUM_CONVERSION = YES;
				CLANG_WARN_INFINITE_RECURSION = YES;
				CLANG_WARN_INT_CONVERSION = YES;
				CLANG_WARN_NON_LITERAL_NULL_CONVERSION = YES;
				CLANG_WARN_OBJC_IMPLICIT_RETAIN_SELF = YES;
				CLANG_WARN_OBJC_LITERAL_CONVERSION = YES;
				CLANG_WARN_OBJC_ROOT_CLASS = YES_ERROR;
				CLANG_WARN_RANGE_LOOP_ANALYSIS = YES;
				CLANG_WARN_STRICT_PROTOTYPES = YES;
				CLANG_WARN_SUSPICIOUS_MOVE = YES;
				CLANG_WARN_UNREACHABLE_CODE = YES;
				CLANG_WARN__DUPLICATE_METHOD_MATCH = YES;
				"CODE_SIGN_IDENTITY[sdk=iphoneos*]" = "iPhone Developer";
				COPY_PHASE_STRIP = NO;
				DEBUG_INFORMATION_FORMAT = "dwarf-with-dsym";
				ENABLE_NS_ASSERTIONS = NO;
				ENABLE_STRICT_OBJC_MSGSEND = YES;
				GCC_C_LANGUAGE_STANDARD = gnu99;
				GCC_NO_COMMON_BLOCKS = YES;
				GCC_WARN_64_TO_32_BIT_CONVERSION = YES;
				GCC_WARN_ABOUT_RETURN_TYPE = YES_ERROR;
				GCC_WARN_UNDECLARED_SELECTOR = YES;
				GCC_WARN_UNINITIALIZED_AUTOS = YES_AGGRESSIVE;
				GCC_WARN_UNUSED_FUNCTION = YES;
				GCC_WARN_UNUSED_VARIABLE = YES;
				IPHONEOS_DEPLOYMENT_TARGET = 11.3;
				MTL_ENABLE_DEBUG_INFO = NO;
				SDKROOT = iphoneos;
				SWIFT_SWIFT3_OBJC_INFERENCE = Off;
				VALIDATE_PRODUCT = YES;
			};
			name = Release;
		};
		753A55DD1BB073E900254F27 /* Debug */ = {
			isa = XCBuildConfiguration;
			baseConfigurationReference = 4B0EE30EF5413A93082058A8 /* Pods-Visual Back Trainer.debug.xcconfig */;
			buildSettings = {
				ALWAYS_EMBED_SWIFT_STANDARD_LIBRARIES = YES;
				ASSETCATALOG_COMPILER_APPICON_NAME = AppIcon;
				CODE_SIGN_ENTITLEMENTS = "Visual Back Trainer/Visual Back Trainer.entitlements";
				CODE_SIGN_IDENTITY = "iPhone Developer";
				CODE_SIGN_STYLE = Automatic;
				DEVELOPMENT_TEAM = P2EQM7YAFH;
				INFOPLIST_FILE = "Visual Back Trainer/Info.plist";
				IPHONEOS_DEPLOYMENT_TARGET = 11.3;
				LD_RUNPATH_SEARCH_PATHS = "$(inherited) @executable_path/Frameworks";
				PRODUCT_BUNDLE_IDENTIFIER = ch.vormbrock.visualbacktrainer;
				PRODUCT_NAME = "$(TARGET_NAME)";
				PROVISIONING_PROFILE_SPECIFIER = "";
				SWIFT_SWIFT3_OBJC_INFERENCE = Default;
				SWIFT_VERSION = 4.0;
				TARGETED_DEVICE_FAMILY = "1,2";
			};
			name = Debug;
		};
		753A55DE1BB073E900254F27 /* Release */ = {
			isa = XCBuildConfiguration;
			baseConfigurationReference = 2A7A661B6EEDE2805E909539 /* Pods-Visual Back Trainer.release.xcconfig */;
			buildSettings = {
				ALWAYS_EMBED_SWIFT_STANDARD_LIBRARIES = YES;
				ASSETCATALOG_COMPILER_APPICON_NAME = AppIcon;
				CODE_SIGN_ENTITLEMENTS = "Visual Back Trainer/Visual Back Trainer.entitlements";
				CODE_SIGN_IDENTITY = "iPhone Developer";
				CODE_SIGN_STYLE = Automatic;
				DEVELOPMENT_TEAM = P2EQM7YAFH;
				INFOPLIST_FILE = "Visual Back Trainer/Info.plist";
				IPHONEOS_DEPLOYMENT_TARGET = 11.3;
				LD_RUNPATH_SEARCH_PATHS = "$(inherited) @executable_path/Frameworks";
				PRODUCT_BUNDLE_IDENTIFIER = ch.vormbrock.visualbacktrainer;
				PRODUCT_NAME = "$(TARGET_NAME)";
				PROVISIONING_PROFILE_SPECIFIER = "";
				SWIFT_COMPILATION_MODE = wholemodule;
				SWIFT_OPTIMIZATION_LEVEL = "-O";
				SWIFT_SWIFT3_OBJC_INFERENCE = Default;
				SWIFT_VERSION = 4.0;
				TARGETED_DEVICE_FAMILY = "1,2";
			};
			name = Release;
		};
/* End XCBuildConfiguration section */

/* Begin XCConfigurationList section */
		1B82875D2158140400A24319 /* Build configuration list for PBXNativeTarget "OneSignalNotificationServiceExtension" */ = {
			isa = XCConfigurationList;
			buildConfigurations = (
				1B82875E2158140400A24319 /* Debug */,
				1B82875F2158140400A24319 /* Release */,
			);
			defaultConfigurationIsVisible = 0;
			defaultConfigurationName = Release;
		};
		753A55B81BB073E900254F27 /* Build configuration list for PBXProject "Visual Back Trainer" */ = {
			isa = XCConfigurationList;
			buildConfigurations = (
				753A55DA1BB073E900254F27 /* Debug */,
				753A55DB1BB073E900254F27 /* Release */,
			);
			defaultConfigurationIsVisible = 0;
			defaultConfigurationName = Release;
		};
		753A55DC1BB073E900254F27 /* Build configuration list for PBXNativeTarget "Visual Back Trainer" */ = {
			isa = XCConfigurationList;
			buildConfigurations = (
				753A55DD1BB073E900254F27 /* Debug */,
				753A55DE1BB073E900254F27 /* Release */,
			);
			defaultConfigurationIsVisible = 0;
			defaultConfigurationName = Release;
		};
/* End XCConfigurationList section */

/* Begin XCVersionGroup section */
		1BBC3AAB20D1252400B43A61 /* Trainingsplan.xcdatamodeld */ = {
			isa = XCVersionGroup;
			children = (
				1B1D742F20EE9A46005C1CD0 /* Trainingsplan 3.xcdatamodel */,
				1BBC3AB820D1901800B43A61 /* Trainingsplan 2.xcdatamodel */,
				1BBC3AAC20D1252400B43A61 /* Trainingsplan.xcdatamodel */,
			);
			currentVersion = 1B1D742F20EE9A46005C1CD0 /* Trainingsplan 3.xcdatamodel */;
			path = Trainingsplan.xcdatamodeld;
			sourceTree = "<group>";
			versionGroupType = wrapper.xcdatamodel;
		};
/* End XCVersionGroup section */
	};
	rootObject = 753A55B51BB073E900254F27 /* Project object */;
}
