// !$*UTF8*$!
{
	archiveVersion = 1;
	classes = {
	};
	objectVersion = 48;
	objects = {

/* Begin PBXBuildFile section */
		14A7486320C3C2D1002CB7EA /* PlanController.swift in Sources */ = {isa = PBXBuildFile; fileRef = 14A7486220C3C2D1002CB7EA /* PlanController.swift */; };
		14A7486520C3C2EC002CB7EA /* PremiumController.swift in Sources */ = {isa = PBXBuildFile; fileRef = 14A7486420C3C2EC002CB7EA /* PremiumController.swift */; };
		14A7486720C3C305002CB7EA /* SettingsController.swift in Sources */ = {isa = PBXBuildFile; fileRef = 14A7486620C3C305002CB7EA /* SettingsController.swift */; };
		14A7486920C3C344002CB7EA /* Constants.swift in Sources */ = {isa = PBXBuildFile; fileRef = 14A7486820C3C344002CB7EA /* Constants.swift */; };
		14A7486C20C3DF93002CB7EA /* ActivitiesController.swift in Sources */ = {isa = PBXBuildFile; fileRef = 14A7486B20C3DF93002CB7EA /* ActivitiesController.swift */; };
		14A7486E20C3DFAA002CB7EA /* SportsController.swift in Sources */ = {isa = PBXBuildFile; fileRef = 14A7486D20C3DFAA002CB7EA /* SportsController.swift */; };
		14A7487020C3DFC5002CB7EA /* ExercisesController.swift in Sources */ = {isa = PBXBuildFile; fileRef = 14A7486F20C3DFC5002CB7EA /* ExercisesController.swift */; };
		14A7487220C3DFF0002CB7EA /* ContactController.swift in Sources */ = {isa = PBXBuildFile; fileRef = 14A7487120C3DFF0002CB7EA /* ContactController.swift */; };
		14A7487620C3E03A002CB7EA /* MobilisationsController.swift in Sources */ = {isa = PBXBuildFile; fileRef = 14A7487520C3E03A002CB7EA /* MobilisationsController.swift */; };
		14A7487820C3E058002CB7EA /* BackTherapyController.swift in Sources */ = {isa = PBXBuildFile; fileRef = 14A7487720C3E058002CB7EA /* BackTherapyController.swift */; };
		14A7487A20C3E95A002CB7EA /* AnatomyController.swift in Sources */ = {isa = PBXBuildFile; fileRef = 14A7487920C3E95A002CB7EA /* AnatomyController.swift */; };
		14A7487C20C3E977002CB7EA /* TrainingPlansController.swift in Sources */ = {isa = PBXBuildFile; fileRef = 14A7487B20C3E977002CB7EA /* TrainingPlansController.swift */; };
		1BC4368320BC8A0D00968F44 /* TabBarController.swift in Sources */ = {isa = PBXBuildFile; fileRef = 1BC4368220BC8A0C00968F44 /* TabBarController.swift */; };
		1BCF69FC20C7307200E310DF /* PremiumTableViewCell.swift in Sources */ = {isa = PBXBuildFile; fileRef = 1BCF69FB20C7307200E310DF /* PremiumTableViewCell.swift */; };
		1BCF6A0420C9905500E310DF /* de.lproj in Resources */ = {isa = PBXBuildFile; fileRef = 1BCF6A0120C9905500E310DF /* de.lproj */; };
		1BCF6A0520C9905500E310DF /* es.lproj in Resources */ = {isa = PBXBuildFile; fileRef = 1BCF6A0220C9905500E310DF /* es.lproj */; };
		1BCF6A0620C9905500E310DF /* en.lproj in Resources */ = {isa = PBXBuildFile; fileRef = 1BCF6A0320C9905500E310DF /* en.lproj */; };
		1BCF6A0820C997C100E310DF /* CollectionHeaderView.swift in Sources */ = {isa = PBXBuildFile; fileRef = 1BCF6A0720C997C100E310DF /* CollectionHeaderView.swift */; };
		1BCF8462203206B000F55F64 /* ItemsCollectionViewCell.swift in Sources */ = {isa = PBXBuildFile; fileRef = 1BCF8461203206B000F55F64 /* ItemsCollectionViewCell.swift */; };
		753A55C31BB073E900254F27 /* AppDelegate.swift in Sources */ = {isa = PBXBuildFile; fileRef = 753A55C21BB073E900254F27 /* AppDelegate.swift */; };
		753A55C81BB073E900254F27 /* Main.storyboard in Resources */ = {isa = PBXBuildFile; fileRef = 753A55C61BB073E900254F27 /* Main.storyboard */; };
		753A55CA1BB073E900254F27 /* Images.xcassets in Resources */ = {isa = PBXBuildFile; fileRef = 753A55C91BB073E900254F27 /* Images.xcassets */; };
		753A55CD1BB073E900254F27 /* LaunchScreen.xib in Resources */ = {isa = PBXBuildFile; fileRef = 753A55CB1BB073E900254F27 /* LaunchScreen.xib */; };
		753A55E31BB0753B00254F27 /* SlideMenuViewController.swift in Sources */ = {isa = PBXBuildFile; fileRef = 753A55E21BB0753B00254F27 /* SlideMenuViewController.swift */; };
		753A55E51BB0755100254F27 /* BaseViewController.swift in Sources */ = {isa = PBXBuildFile; fileRef = 753A55E41BB0755100254F27 /* BaseViewController.swift */; };
		C6EEF9F81CB7E4E000A3DC6D /* MainMenu.swift in Sources */ = {isa = PBXBuildFile; fileRef = C6EEF9F71CB7E4E000A3DC6D /* MainMenu.swift */; };
/* End PBXBuildFile section */

/* Begin PBXFileReference section */
		14A7486220C3C2D1002CB7EA /* PlanController.swift */ = {isa = PBXFileReference; lastKnownFileType = sourcecode.swift; path = PlanController.swift; sourceTree = "<group>"; };
		14A7486420C3C2EC002CB7EA /* PremiumController.swift */ = {isa = PBXFileReference; lastKnownFileType = sourcecode.swift; path = PremiumController.swift; sourceTree = "<group>"; };
		14A7486620C3C305002CB7EA /* SettingsController.swift */ = {isa = PBXFileReference; lastKnownFileType = sourcecode.swift; path = SettingsController.swift; sourceTree = "<group>"; };
		14A7486820C3C344002CB7EA /* Constants.swift */ = {isa = PBXFileReference; lastKnownFileType = sourcecode.swift; path = Constants.swift; sourceTree = "<group>"; };
		14A7486B20C3DF93002CB7EA /* ActivitiesController.swift */ = {isa = PBXFileReference; lastKnownFileType = sourcecode.swift; path = ActivitiesController.swift; sourceTree = "<group>"; };
		14A7486D20C3DFAA002CB7EA /* SportsController.swift */ = {isa = PBXFileReference; lastKnownFileType = sourcecode.swift; path = SportsController.swift; sourceTree = "<group>"; };
		14A7486F20C3DFC5002CB7EA /* ExercisesController.swift */ = {isa = PBXFileReference; lastKnownFileType = sourcecode.swift; path = ExercisesController.swift; sourceTree = "<group>"; };
		14A7487120C3DFF0002CB7EA /* ContactController.swift */ = {isa = PBXFileReference; lastKnownFileType = sourcecode.swift; path = ContactController.swift; sourceTree = "<group>"; };
		14A7487520C3E03A002CB7EA /* MobilisationsController.swift */ = {isa = PBXFileReference; lastKnownFileType = sourcecode.swift; path = MobilisationsController.swift; sourceTree = "<group>"; };
		14A7487720C3E058002CB7EA /* BackTherapyController.swift */ = {isa = PBXFileReference; lastKnownFileType = sourcecode.swift; path = BackTherapyController.swift; sourceTree = "<group>"; };
		14A7487920C3E95A002CB7EA /* AnatomyController.swift */ = {isa = PBXFileReference; lastKnownFileType = sourcecode.swift; path = AnatomyController.swift; sourceTree = "<group>"; };
		14A7487B20C3E977002CB7EA /* TrainingPlansController.swift */ = {isa = PBXFileReference; lastKnownFileType = sourcecode.swift; path = TrainingPlansController.swift; sourceTree = "<group>"; };
		1BC4368220BC8A0C00968F44 /* TabBarController.swift */ = {isa = PBXFileReference; lastKnownFileType = sourcecode.swift; path = TabBarController.swift; sourceTree = "<group>"; };
		1BCF69FB20C7307200E310DF /* PremiumTableViewCell.swift */ = {isa = PBXFileReference; lastKnownFileType = sourcecode.swift; path = PremiumTableViewCell.swift; sourceTree = "<group>"; };
		1BCF69FD20C98F2E00E310DF /* de */ = {isa = PBXFileReference; lastKnownFileType = text.plist.strings; name = de; path = de.lproj/Main.strings; sourceTree = "<group>"; };
		1BCF69FE20C98F2E00E310DF /* de */ = {isa = PBXFileReference; lastKnownFileType = text.plist.strings; name = de; path = de.lproj/LaunchScreen.strings; sourceTree = "<group>"; };
		1BCF69FF20C98F3C00E310DF /* es */ = {isa = PBXFileReference; lastKnownFileType = text.plist.strings; name = es; path = es.lproj/Main.strings; sourceTree = "<group>"; };
		1BCF6A0020C98F3C00E310DF /* es */ = {isa = PBXFileReference; lastKnownFileType = text.plist.strings; name = es; path = es.lproj/LaunchScreen.strings; sourceTree = "<group>"; };
		1BCF6A0120C9905500E310DF /* de.lproj */ = {isa = PBXFileReference; lastKnownFileType = folder; path = de.lproj; sourceTree = "<group>"; };
		1BCF6A0220C9905500E310DF /* es.lproj */ = {isa = PBXFileReference; lastKnownFileType = folder; path = es.lproj; sourceTree = "<group>"; };
		1BCF6A0320C9905500E310DF /* en.lproj */ = {isa = PBXFileReference; lastKnownFileType = folder; path = en.lproj; sourceTree = "<group>"; };
		1BCF6A0720C997C100E310DF /* CollectionHeaderView.swift */ = {isa = PBXFileReference; lastKnownFileType = sourcecode.swift; path = CollectionHeaderView.swift; sourceTree = "<group>"; };
		1BCF8461203206B000F55F64 /* ItemsCollectionViewCell.swift */ = {isa = PBXFileReference; lastKnownFileType = sourcecode.swift; path = ItemsCollectionViewCell.swift; sourceTree = "<group>"; };
		753A55BD1BB073E900254F27 /* Simple Back Trainer.app */ = {isa = PBXFileReference; explicitFileType = wrapper.application; includeInIndex = 0; path = "Simple Back Trainer.app"; sourceTree = BUILT_PRODUCTS_DIR; };
		753A55C11BB073E900254F27 /* Info.plist */ = {isa = PBXFileReference; lastKnownFileType = text.plist.xml; path = Info.plist; sourceTree = "<group>"; };
		753A55C21BB073E900254F27 /* AppDelegate.swift */ = {isa = PBXFileReference; lastKnownFileType = sourcecode.swift; path = AppDelegate.swift; sourceTree = "<group>"; };
		753A55C71BB073E900254F27 /* Base */ = {isa = PBXFileReference; lastKnownFileType = file.storyboard; name = Base; path = Base.lproj/Main.storyboard; sourceTree = "<group>"; };
		753A55C91BB073E900254F27 /* Images.xcassets */ = {isa = PBXFileReference; lastKnownFileType = folder.assetcatalog; path = Images.xcassets; sourceTree = "<group>"; };
		753A55CC1BB073E900254F27 /* Base */ = {isa = PBXFileReference; lastKnownFileType = file.xib; name = Base; path = Base.lproj/LaunchScreen.xib; sourceTree = "<group>"; };
		753A55E21BB0753B00254F27 /* SlideMenuViewController.swift */ = {isa = PBXFileReference; fileEncoding = 4; lastKnownFileType = sourcecode.swift; path = SlideMenuViewController.swift; sourceTree = "<group>"; };
		753A55E41BB0755100254F27 /* BaseViewController.swift */ = {isa = PBXFileReference; fileEncoding = 4; lastKnownFileType = sourcecode.swift; path = BaseViewController.swift; sourceTree = "<group>"; };
		C6EEF9F71CB7E4E000A3DC6D /* MainMenu.swift */ = {isa = PBXFileReference; fileEncoding = 4; lastKnownFileType = sourcecode.swift; path = MainMenu.swift; sourceTree = "<group>"; };
/* End PBXFileReference section */

/* Begin PBXFrameworksBuildPhase section */
		753A55BA1BB073E900254F27 /* Frameworks */ = {
			isa = PBXFrameworksBuildPhase;
			buildActionMask = 2147483647;
			files = (
			);
			runOnlyForDeploymentPostprocessing = 0;
		};
/* End PBXFrameworksBuildPhase section */

/* Begin PBXGroup section */
		14A7485E20C3C277002CB7EA /* Controller */ = {
			isa = PBXGroup;
			children = (
				14A7486A20C3DEDF002CB7EA /* MenuControllers */,
				14A7486120C3C2A7002CB7EA /* TabBarControllers */,
			);
			name = Controller;
			sourceTree = "<group>";
		};
		14A7486120C3C2A7002CB7EA /* TabBarControllers */ = {
			isa = PBXGroup;
			children = (
				1BC4368220BC8A0C00968F44 /* TabBarController.swift */,
				C6EEF9F71CB7E4E000A3DC6D /* MainMenu.swift */,
				14A7486220C3C2D1002CB7EA /* PlanController.swift */,
				14A7486420C3C2EC002CB7EA /* PremiumController.swift */,
				14A7486620C3C305002CB7EA /* SettingsController.swift */,
			);
			name = TabBarControllers;
			sourceTree = "<group>";
		};
		14A7486A20C3DEDF002CB7EA /* MenuControllers */ = {
			isa = PBXGroup;
			children = (
				14A7486B20C3DF93002CB7EA /* ActivitiesController.swift */,
				14A7486D20C3DFAA002CB7EA /* SportsController.swift */,
				14A7486F20C3DFC5002CB7EA /* ExercisesController.swift */,
				14A7487120C3DFF0002CB7EA /* ContactController.swift */,
				14A7487520C3E03A002CB7EA /* MobilisationsController.swift */,
				14A7487720C3E058002CB7EA /* BackTherapyController.swift */,
				14A7487920C3E95A002CB7EA /* AnatomyController.swift */,
				14A7487B20C3E977002CB7EA /* TrainingPlansController.swift */,
			);
			name = MenuControllers;
			sourceTree = "<group>";
		};
		753A55B41BB073E900254F27 = {
			isa = PBXGroup;
			children = (
				753A55BF1BB073E900254F27 /* Simple Back Trainer */,
				753A55BE1BB073E900254F27 /* Products */,
			);
			sourceTree = "<group>";
		};
		753A55BE1BB073E900254F27 /* Products */ = {
			isa = PBXGroup;
			children = (
				753A55BD1BB073E900254F27 /* Simple Back Trainer.app */,
			);
			name = Products;
			sourceTree = "<group>";
		};
		753A55BF1BB073E900254F27 /* Simple Back Trainer */ = {
			isa = PBXGroup;
			children = (
				14A7486820C3C344002CB7EA /* Constants.swift */,
				14A7485E20C3C277002CB7EA /* Controller */,
				753A55C21BB073E900254F27 /* AppDelegate.swift */,
				753A55E41BB0755100254F27 /* BaseViewController.swift */,
				753A55E21BB0753B00254F27 /* SlideMenuViewController.swift */,
				1BCF8461203206B000F55F64 /* ItemsCollectionViewCell.swift */,
				1BCF6A0720C997C100E310DF /* CollectionHeaderView.swift */,
				753A55C61BB073E900254F27 /* Main.storyboard */,
				753A55C91BB073E900254F27 /* Images.xcassets */,
				753A55CB1BB073E900254F27 /* LaunchScreen.xib */,
				753A55C01BB073E900254F27 /* Supporting Files */,
				1BCF69FB20C7307200E310DF /* PremiumTableViewCell.swift */,
				1BCF6A0120C9905500E310DF /* de.lproj */,
				1BCF6A0320C9905500E310DF /* en.lproj */,
				1BCF6A0220C9905500E310DF /* es.lproj */,
			);
			path = "Simple Back Trainer";
			sourceTree = "<group>";
		};
		753A55C01BB073E900254F27 /* Supporting Files */ = {
			isa = PBXGroup;
			children = (
				753A55C11BB073E900254F27 /* Info.plist */,
			);
			name = "Supporting Files";
			sourceTree = "<group>";
		};
/* End PBXGroup section */

/* Begin PBXNativeTarget section */
		753A55BC1BB073E900254F27 /* Simple Back Trainer */ = {
			isa = PBXNativeTarget;
			buildConfigurationList = 753A55DC1BB073E900254F27 /* Build configuration list for PBXNativeTarget "Simple Back Trainer" */;
			buildPhases = (
				753A55B91BB073E900254F27 /* Sources */,
				753A55BA1BB073E900254F27 /* Frameworks */,
				753A55BB1BB073E900254F27 /* Resources */,
			);
			buildRules = (
			);
			dependencies = (
			);
			name = "Simple Back Trainer";
			productName = AKSwiftSlideMenu;
			productReference = 753A55BD1BB073E900254F27 /* Simple Back Trainer.app */;
			productType = "com.apple.product-type.application";
		};
/* End PBXNativeTarget section */

/* Begin PBXProject section */
		753A55B51BB073E900254F27 /* Project object */ = {
			isa = PBXProject;
			attributes = {
				LastSwiftMigration = 0700;
				LastSwiftUpdateCheck = 0700;
				LastUpgradeCheck = 0900;
				ORGANIZATIONNAME = Kode;
				TargetAttributes = {
					753A55BC1BB073E900254F27 = {
						CreatedOnToolsVersion = 6.4;
						DevelopmentTeam = P2EQM7YAFH;
						LastSwiftMigration = 0900;
					};
				};
			};
			buildConfigurationList = 753A55B81BB073E900254F27 /* Build configuration list for PBXProject "Simple Back Trainer" */;
			compatibilityVersion = "Xcode 8.0";
			developmentRegion = English;
			hasScannedForEncodings = 0;
			knownRegions = (
				en,
				Base,
			);
			mainGroup = 753A55B41BB073E900254F27;
			productRefGroup = 753A55BE1BB073E900254F27 /* Products */;
			projectDirPath = "";
			projectRoot = "";
			targets = (
				753A55BC1BB073E900254F27 /* Simple Back Trainer */,
			);
		};
/* End PBXProject section */

/* Begin PBXResourcesBuildPhase section */
		753A55BB1BB073E900254F27 /* Resources */ = {
			isa = PBXResourcesBuildPhase;
			buildActionMask = 2147483647;
			files = (
				753A55C81BB073E900254F27 /* Main.storyboard in Resources */,
				753A55CD1BB073E900254F27 /* LaunchScreen.xib in Resources */,
				1BCF6A0420C9905500E310DF /* de.lproj in Resources */,
				1BCF6A0520C9905500E310DF /* es.lproj in Resources */,
				1BCF6A0620C9905500E310DF /* en.lproj in Resources */,
				753A55CA1BB073E900254F27 /* Images.xcassets in Resources */,
			);
			runOnlyForDeploymentPostprocessing = 0;
		};
/* End PBXResourcesBuildPhase section */

/* Begin PBXSourcesBuildPhase section */
		753A55B91BB073E900254F27 /* Sources */ = {
			isa = PBXSourcesBuildPhase;
			buildActionMask = 2147483647;
			files = (
				14A7486720C3C305002CB7EA /* SettingsController.swift in Sources */,
				1BCF6A0820C997C100E310DF /* CollectionHeaderView.swift in Sources */,
				753A55E51BB0755100254F27 /* BaseViewController.swift in Sources */,
				14A7487A20C3E95A002CB7EA /* AnatomyController.swift in Sources */,
				C6EEF9F81CB7E4E000A3DC6D /* MainMenu.swift in Sources */,
				753A55E31BB0753B00254F27 /* SlideMenuViewController.swift in Sources */,
				14A7487620C3E03A002CB7EA /* MobilisationsController.swift in Sources */,
				14A7487C20C3E977002CB7EA /* TrainingPlansController.swift in Sources */,
				1BC4368320BC8A0D00968F44 /* TabBarController.swift in Sources */,
				14A7486920C3C344002CB7EA /* Constants.swift in Sources */,
				753A55C31BB073E900254F27 /* AppDelegate.swift in Sources */,
				14A7487820C3E058002CB7EA /* BackTherapyController.swift in Sources */,
				1BCF69FC20C7307200E310DF /* PremiumTableViewCell.swift in Sources */,
				14A7486520C3C2EC002CB7EA /* PremiumController.swift in Sources */,
				14A7486E20C3DFAA002CB7EA /* SportsController.swift in Sources */,
				14A7487020C3DFC5002CB7EA /* ExercisesController.swift in Sources */,
				14A7487220C3DFF0002CB7EA /* ContactController.swift in Sources */,
				14A7486320C3C2D1002CB7EA /* PlanController.swift in Sources */,
				14A7486C20C3DF93002CB7EA /* ActivitiesController.swift in Sources */,
				1BCF8462203206B000F55F64 /* ItemsCollectionViewCell.swift in Sources */,
			);
			runOnlyForDeploymentPostprocessing = 0;
		};
/* End PBXSourcesBuildPhase section */

/* Begin PBXVariantGroup section */
		753A55C61BB073E900254F27 /* Main.storyboard */ = {
			isa = PBXVariantGroup;
			children = (
				753A55C71BB073E900254F27 /* Base */,
				1BCF69FD20C98F2E00E310DF /* de */,
				1BCF69FF20C98F3C00E310DF /* es */,
			);
			name = Main.storyboard;
			sourceTree = "<group>";
		};
		753A55CB1BB073E900254F27 /* LaunchScreen.xib */ = {
			isa = PBXVariantGroup;
			children = (
				753A55CC1BB073E900254F27 /* Base */,
				1BCF69FE20C98F2E00E310DF /* de */,
				1BCF6A0020C98F3C00E310DF /* es */,
			);
			name = LaunchScreen.xib;
			sourceTree = "<group>";
		};
/* End PBXVariantGroup section */

/* Begin XCBuildConfiguration section */
		753A55DA1BB073E900254F27 /* Debug */ = {
			isa = XCBuildConfiguration;
			buildSettings = {
				ALWAYS_SEARCH_USER_PATHS = NO;
				CLANG_ANALYZER_LOCALIZABILITY_NONLOCALIZED = YES;
				CLANG_CXX_LANGUAGE_STANDARD = "gnu++0x";
				CLANG_CXX_LIBRARY = "libc++";
				CLANG_ENABLE_MODULES = YES;
				CLANG_ENABLE_OBJC_ARC = YES;
				CLANG_WARN_BLOCK_CAPTURE_AUTORELEASING = YES;
				CLANG_WARN_BOOL_CONVERSION = YES;
				CLANG_WARN_COMMA = YES;
				CLANG_WARN_CONSTANT_CONVERSION = YES;
				CLANG_WARN_DIRECT_OBJC_ISA_USAGE = YES_ERROR;
				CLANG_WARN_EMPTY_BODY = YES;
				CLANG_WARN_ENUM_CONVERSION = YES;
				CLANG_WARN_INFINITE_RECURSION = YES;
				CLANG_WARN_INT_CONVERSION = YES;
				CLANG_WARN_NON_LITERAL_NULL_CONVERSION = YES;
				CLANG_WARN_OBJC_LITERAL_CONVERSION = YES;
				CLANG_WARN_OBJC_ROOT_CLASS = YES_ERROR;
				CLANG_WARN_RANGE_LOOP_ANALYSIS = YES;
				CLANG_WARN_STRICT_PROTOTYPES = YES;
				CLANG_WARN_SUSPICIOUS_MOVE = YES;
				CLANG_WARN_UNREACHABLE_CODE = YES;
				CLANG_WARN__DUPLICATE_METHOD_MATCH = YES;
				"CODE_SIGN_IDENTITY[sdk=iphoneos*]" = "iPhone Developer";
				COPY_PHASE_STRIP = NO;
				DEBUG_INFORMATION_FORMAT = "dwarf-with-dsym";
				ENABLE_STRICT_OBJC_MSGSEND = YES;
				ENABLE_TESTABILITY = YES;
				GCC_C_LANGUAGE_STANDARD = gnu99;
				GCC_DYNAMIC_NO_PIC = NO;
				GCC_NO_COMMON_BLOCKS = YES;
				GCC_OPTIMIZATION_LEVEL = 0;
				GCC_PREPROCESSOR_DEFINITIONS = (
					"DEBUG=1",
					"$(inherited)",
				);
				GCC_SYMBOLS_PRIVATE_EXTERN = NO;
				GCC_WARN_64_TO_32_BIT_CONVERSION = YES;
				GCC_WARN_ABOUT_RETURN_TYPE = YES_ERROR;
				GCC_WARN_UNDECLARED_SELECTOR = YES;
				GCC_WARN_UNINITIALIZED_AUTOS = YES_AGGRESSIVE;
				GCC_WARN_UNUSED_FUNCTION = YES;
				GCC_WARN_UNUSED_VARIABLE = YES;
				IPHONEOS_DEPLOYMENT_TARGET = 10.0;
				MTL_ENABLE_DEBUG_INFO = YES;
				ONLY_ACTIVE_ARCH = YES;
				SDKROOT = iphoneos;
				SWIFT_OPTIMIZATION_LEVEL = "-Onone";
				SWIFT_SWIFT3_OBJC_INFERENCE = Off;
			};
			name = Debug;
		};
		753A55DB1BB073E900254F27 /* Release */ = {
			isa = XCBuildConfiguration;
			buildSettings = {
				ALWAYS_SEARCH_USER_PATHS = NO;
				CLANG_ANALYZER_LOCALIZABILITY_NONLOCALIZED = YES;
				CLANG_CXX_LANGUAGE_STANDARD = "gnu++0x";
				CLANG_CXX_LIBRARY = "libc++";
				CLANG_ENABLE_MODULES = YES;
				CLANG_ENABLE_OBJC_ARC = YES;
				CLANG_WARN_BLOCK_CAPTURE_AUTORELEASING = YES;
				CLANG_WARN_BOOL_CONVERSION = YES;
				CLANG_WARN_COMMA = YES;
				CLANG_WARN_CONSTANT_CONVERSION = YES;
				CLANG_WARN_DIRECT_OBJC_ISA_USAGE = YES_ERROR;
				CLANG_WARN_EMPTY_BODY = YES;
				CLANG_WARN_ENUM_CONVERSION = YES;
				CLANG_WARN_INFINITE_RECURSION = YES;
				CLANG_WARN_INT_CONVERSION = YES;
				CLANG_WARN_NON_LITERAL_NULL_CONVERSION = YES;
				CLANG_WARN_OBJC_LITERAL_CONVERSION = YES;
				CLANG_WARN_OBJC_ROOT_CLASS = YES_ERROR;
				CLANG_WARN_RANGE_LOOP_ANALYSIS = YES;
				CLANG_WARN_STRICT_PROTOTYPES = YES;
				CLANG_WARN_SUSPICIOUS_MOVE = YES;
				CLANG_WARN_UNREACHABLE_CODE = YES;
				CLANG_WARN__DUPLICATE_METHOD_MATCH = YES;
				"CODE_SIGN_IDENTITY[sdk=iphoneos*]" = "iPhone Developer";
				COPY_PHASE_STRIP = NO;
				DEBUG_INFORMATION_FORMAT = "dwarf-with-dsym";
				ENABLE_NS_ASSERTIONS = NO;
				ENABLE_STRICT_OBJC_MSGSEND = YES;
				GCC_C_LANGUAGE_STANDARD = gnu99;
				GCC_NO_COMMON_BLOCKS = YES;
				GCC_WARN_64_TO_32_BIT_CONVERSION = YES;
				GCC_WARN_ABOUT_RETURN_TYPE = YES_ERROR;
				GCC_WARN_UNDECLARED_SELECTOR = YES;
				GCC_WARN_UNINITIALIZED_AUTOS = YES_AGGRESSIVE;
				GCC_WARN_UNUSED_FUNCTION = YES;
				GCC_WARN_UNUSED_VARIABLE = YES;
				IPHONEOS_DEPLOYMENT_TARGET = 10.0;
				MTL_ENABLE_DEBUG_INFO = NO;
				SDKROOT = iphoneos;
				SWIFT_SWIFT3_OBJC_INFERENCE = Off;
				VALIDATE_PRODUCT = YES;
			};
			name = Release;
		};
		753A55DD1BB073E900254F27 /* Debug */ = {
			isa = XCBuildConfiguration;
			buildSettings = {
				ASSETCATALOG_COMPILER_APPICON_NAME = AppIcon;
				DEVELOPMENT_TEAM = P2EQM7YAFH;
				INFOPLIST_FILE = "Simple Back Trainer/Info.plist";
				LD_RUNPATH_SEARCH_PATHS = "$(inherited) @executable_path/Frameworks";
				PRODUCT_BUNDLE_IDENTIFIER = ch.vormbrock.simplebacktrainer;
				PRODUCT_NAME = "$(TARGET_NAME)";
				SWIFT_SWIFT3_OBJC_INFERENCE = On;
				SWIFT_VERSION = 4.0;
				TARGETED_DEVICE_FAMILY = "1,2";
			};
			name = Debug;
		};
		753A55DE1BB073E900254F27 /* Release */ = {
			isa = XCBuildConfiguration;
			buildSettings = {
				ASSETCATALOG_COMPILER_APPICON_NAME = AppIcon;
				DEVELOPMENT_TEAM = P2EQM7YAFH;
				INFOPLIST_FILE = "Simple Back Trainer/Info.plist";
				LD_RUNPATH_SEARCH_PATHS = "$(inherited) @executable_path/Frameworks";
				PRODUCT_BUNDLE_IDENTIFIER = ch.vormbrock.simplebacktrainer;
				PRODUCT_NAME = "$(TARGET_NAME)";
				SWIFT_OPTIMIZATION_LEVEL = "-Owholemodule";
				SWIFT_SWIFT3_OBJC_INFERENCE = On;
				SWIFT_VERSION = 4.0;
				TARGETED_DEVICE_FAMILY = "1,2";
			};
			name = Release;
		};
/* End XCBuildConfiguration section */

/* Begin XCConfigurationList section */
		753A55B81BB073E900254F27 /* Build configuration list for PBXProject "Simple Back Trainer" */ = {
			isa = XCConfigurationList;
			buildConfigurations = (
				753A55DA1BB073E900254F27 /* Debug */,
				753A55DB1BB073E900254F27 /* Release */,
			);
			defaultConfigurationIsVisible = 0;
			defaultConfigurationName = Release;
		};
		753A55DC1BB073E900254F27 /* Build configuration list for PBXNativeTarget "Simple Back Trainer" */ = {
			isa = XCConfigurationList;
			buildConfigurations = (
				753A55DD1BB073E900254F27 /* Debug */,
				753A55DE1BB073E900254F27 /* Release */,
			);
			defaultConfigurationIsVisible = 0;
			defaultConfigurationName = Release;
		};
/* End XCConfigurationList section */
	};
	rootObject = 753A55B51BB073E900254F27 /* Project object */;
}
